<?xml version='1.0' encoding='UTF-8'?>
<ioc xmlns:xsi="http://www.w3.org/2001/XMLSchema-instance" xmlns:xsd="http://www.w3.org/2001/XMLSchema" xmlns="http://schemas.mandiant.com/2010/ioc" id="7fff05dd-427a-4401-b1ae-fe1b0844b068" last-modified="2016-07-10T09:37:37">
  <short_description>Hong Kong SWC attack</short_description>
  <description>Hong Kong SWC attack</description>
  <keywords/>
  <authored_by>AlienVault - Alienvault OTX</authored_by>
  <authored_date>2016-07-10T09:37:37</authored_date>
  <links>
    <link rel="pasted_text">pasted_text</link>
    <link rel="https://otx.alienvault.com/pulse/54b6c01611d4080471a1a390">https://otx.alienvault.com/pulse/54b6c01611d4080471a1a390</link>
  </links>
  <definition>
    <Indicator id="05f1f37e-938a-4ea2-b228-4c12495c131d" operator="OR">
      <IndicatorItem id="23e7008f-73d5-445a-8af6-7c5677d52330" condition="contains">
        <Context document="DnsEntryItem" search="DnsEntryItem/Host" type="mir"/>
        <Content type="string">aoemvp.com</Content>
      </IndicatorItem>
      <IndicatorItem id="622506bf-45b6-4345-b8b0-a2f0f188cf0d" condition="contains">
        <Context document="FileItem" search="FileItem/Md5sum" type="mir"/>
        <Content type="md5">42b76c0503a6bf21f1ea86e0b14d67ea</Content>
      </IndicatorItem>
      <IndicatorItem id="98b229f9-14a4-4594-8307-1647991499c9" condition="contains">
        <Context document="FileItem" search="FileItem/Md5sum" type="mir"/>
        <Content type="md5">cff25fe24a90ef63eaa168c07008c2bb</Content>
      </IndicatorItem>
      <IndicatorItem id="972cae52-6dd8-4642-a6ae-4bc48556b1c2" condition="contains">
        <Context document="FileItem" search="FileItem/Md5sum" type="mir"/>
        <Content type="md5">a6a18c846e5179259eba9de238f67e41</Content>
      </IndicatorItem>
      <IndicatorItem id="84ddd0c1-6352-4dbe-835f-b662c32c9b14" condition="contains">
        <Context document="FileItem" search="FileItem/Md5sum" type="mir"/>
        <Content type="md5">ad17eff26994df824be36db246c8fb6a</Content>
      </IndicatorItem>
      <IndicatorItem id="178b4e4f-b6d0-4da7-bb17-e2ce8103812a" condition="contains">
        <Context document="FileItem" search="FileItem/Md5sum" type="mir"/>
        <Content type="md5">f66b64ef984ac46ac7395358059979bc</Content>
      </IndicatorItem>
      <IndicatorItem id="ab6012b7-8c14-4ddd-b8a5-c1557eb03778" condition="contains">
        <Context document="FileItem" search="FileItem/Md5sum" type="mir"/>
        <Content type="md5">279ef79f904476ba0f9f44c87358bb1f</Content>
      </IndicatorItem>
      <IndicatorItem id="164eca01-0f40-4570-a20b-7bceda3e9c05" condition="contains">
        <Context document="FileItem" search="FileItem/Md5sum" type="mir"/>
        <Content type="md5">55f84d88d84c221437cd23cdbc541d2e</Content>
      </IndicatorItem>
      <IndicatorItem id="ab41bfee-7d73-407f-bdde-d03846ab2f96" condition="contains">
        <Context document="FileItem" search="FileItem/Md5sum" type="mir"/>
        <Content type="md5">ec532bbe9d0882d403473102e9724557</Content>
      </IndicatorItem>
      <IndicatorItem id="04cc63a5-563a-4bb5-b10e-1e29c155b205" condition="contains">
        <Context document="FileItem" search="FileItem/Md5sum" type="mir"/>
        <Content type="md5">efd9dc39682312d6576468f5c0eb6236</Content>
      </IndicatorItem>
      <IndicatorItem id="bc39812d-d3a2-43bb-afff-25882f43a5cc" condition="is">
        <Context document="PortItem" search="PortItem/remoteIP" type="mir"/>
        <Content type="IP">45.64.74.101</Content>
      </IndicatorItem>
      <IndicatorItem id="f3c632e2-9b0a-49db-b49b-2ae7dfcabc90" condition="is">
        <Context document="PortItem" search="PortItem/remoteIP" type="mir"/>
        <Content type="IP">103.229.127.104</Content>
      </IndicatorItem>
      <IndicatorItem id="e5018d3a-d935-404c-867c-9125c8f48a22" condition="contains">
        <Context document="Email" search="Email/From" type="mir"/>
        <Content type="string">zhuksok@gmail.com</Content>
      </IndicatorItem>
      <IndicatorItem id="a6cd1e0b-49c9-4ce1-8f08-6cf45ce204ff" condition="contains">
        <Context document="Email" search="Email/From" type="mir"/>
        <Content type="string">lim.kiu@hotmail.com</Content>
      </IndicatorItem>
      <IndicatorItem id="434fa1e6-4992-4631-9a00-f5a5a4e360d6" condition="contains">
        <Context document="DnsEntryItem" search="DnsEntryItem/Host" type="mir"/>
        <Content type="string">c.aoemvp.com</Content>
      </IndicatorItem>
    </Indicator>
  </definition>
</ioc>
