<?xml version='1.0' encoding='UTF-8'?>
<ioc xmlns:xsi="http://www.w3.org/2001/XMLSchema-instance" xmlns:xsd="http://www.w3.org/2001/XMLSchema" xmlns="http://schemas.mandiant.com/2010/ioc" id="0c4762fb-878e-4bf3-9ed3-a078862add0a" last-modified="2016-07-10T09:32:28">
  <short_description>Operation Windigo</short_description>
  <description>Operation Windigo</description>
  <keywords/>
  <authored_by>AlienVault - Alienvault OTX</authored_by>
  <authored_date>2016-07-10T09:32:28</authored_date>
  <links>
    <link rel="https://otx.alienvault.com/pulse/54cbfc7a11d4081fc5708fc6">https://otx.alienvault.com/pulse/54cbfc7a11d4081fc5708fc6</link>
  </links>
  <definition>
    <Indicator id="b8c022f1-50db-466b-b7a8-dbc343b89000" operator="OR">
      <IndicatorItem id="19e533c0-d9ca-4fbc-8ab9-5134dda7b6ae" condition="contains">
        <Context document="DnsEntryItem" search="DnsEntryItem/Host" type="mir"/>
        <Content type="string">c1m8k5q0hfi8w1f.net</Content>
      </IndicatorItem>
      <IndicatorItem id="61f6d57f-a6a1-4e00-a8f9-338cd5ba135c" condition="contains">
        <Context document="DnsEntryItem" search="DnsEntryItem/Host" type="mir"/>
        <Content type="string">o5o8c1berdn.net</Content>
      </IndicatorItem>
      <IndicatorItem id="eacb284e-ceec-46cb-b07d-9476b2473111" condition="contains">
        <Context document="DnsEntryItem" search="DnsEntryItem/Host" type="mir"/>
        <Content type="string">oah5w1w4uee8s1v.biz</Content>
      </IndicatorItem>
      <IndicatorItem id="0199470a-6249-43ec-93d7-b4f32ea2cb15" condition="contains">
        <Context document="DnsEntryItem" search="DnsEntryItem/Host" type="mir"/>
        <Content type="string">mae2d2tejdt.info</Content>
      </IndicatorItem>
      <IndicatorItem id="3aa0afd2-8f9b-4002-83ad-ce29317549b2" condition="contains">
        <Context document="DnsEntryItem" search="DnsEntryItem/Host" type="mir"/>
        <Content type="string">c1v9j2pahfi8w1f.biz</Content>
      </IndicatorItem>
      <IndicatorItem id="532d4a35-40b7-46d6-94ba-d24e6b407b2d" condition="contains">
        <Context document="DnsEntryItem" search="DnsEntryItem/Host" type="mir"/>
        <Content type="string">a1t9y1xendd.info</Content>
      </IndicatorItem>
      <IndicatorItem id="f427ef0b-8e27-45fb-af20-3b1b186f4e89" condition="contains">
        <Context document="DnsEntryItem" search="DnsEntryItem/Host" type="mir"/>
        <Content type="string">c1v9l8s6yei8w1f.info</Content>
      </IndicatorItem>
      <IndicatorItem id="a67b3518-219e-4a32-89dc-9c498b1efe8c" condition="contains">
        <Context document="DnsEntryItem" search="DnsEntryItem/Host" type="mir"/>
        <Content type="string">pbcgmmympm.info</Content>
      </IndicatorItem>
      <IndicatorItem id="3149ba51-61ca-4668-befe-050cb72f0d6f" condition="contains">
        <Context document="DnsEntryItem" search="DnsEntryItem/Host" type="mir"/>
        <Content type="string">o5lcl2berdn.biz</Content>
      </IndicatorItem>
      <IndicatorItem id="075849fe-ce68-4840-912d-c653510c146c" condition="contains">
        <Context document="DnsEntryItem" search="DnsEntryItem/Host" type="mir"/>
        <Content type="string">o5tac1berdn.biz</Content>
      </IndicatorItem>
      <IndicatorItem id="9f160abc-4f67-41ab-b30e-6f6c9fecb807" condition="contains">
        <Context document="DnsEntryItem" search="DnsEntryItem/Host" type="mir"/>
        <Content type="string">maved2tejdt.info</Content>
      </IndicatorItem>
      <IndicatorItem id="3ed49d44-d649-40e4-9a66-56e69d9de59b" condition="contains">
        <Context document="DnsEntryItem" search="DnsEntryItem/Host" type="mir"/>
        <Content type="string">njdyqrbioh.info</Content>
      </IndicatorItem>
      <IndicatorItem id="1c4d0557-c85e-4243-a738-c1c123db32be" condition="contains">
        <Context document="DnsEntryItem" search="DnsEntryItem/Host" type="mir"/>
        <Content type="string">o8rad5ccx9f3r.net</Content>
      </IndicatorItem>
      <IndicatorItem id="88442f8c-a199-44ce-b401-c9ae41cf7930" condition="contains">
        <Context document="DnsEntryItem" search="DnsEntryItem/Host" type="mir"/>
        <Content type="string">c0dbq5vcj9o3e.info</Content>
      </IndicatorItem>
      <IndicatorItem id="58326322-5a41-4286-9929-3b91f1da57c5" condition="contains">
        <Context document="DnsEntryItem" search="DnsEntryItem/Host" type="mir"/>
        <Content type="string">b8dfs5ecw9p3o.info</Content>
      </IndicatorItem>
      <IndicatorItem id="40c9e8f4-e78c-404a-a6d8-03b2512b953b" condition="contains">
        <Context document="DnsEntryItem" search="DnsEntryItem/Host" type="mir"/>
        <Content type="string">q5w0g7cbcem8a1p.biz</Content>
      </IndicatorItem>
      <IndicatorItem id="0a9d272a-67b0-4a18-bd53-5fb262f473ee" condition="contains">
        <Context document="DnsEntryItem" search="DnsEntryItem/Host" type="mir"/>
        <Content type="string">oay4vbx7dfe8s1v.net</Content>
      </IndicatorItem>
      <IndicatorItem id="71ef4520-b768-4dd0-a3b9-c3a2d992368d" condition="contains">
        <Context document="DnsEntryItem" search="DnsEntryItem/Host" type="mir"/>
        <Content type="string">q5ncv0dekcm8a1p.biz</Content>
      </IndicatorItem>
      <IndicatorItem id="1f3e4a47-79e5-41b2-b044-c75c0aa2a2e6" condition="contains">
        <Context document="DnsEntryItem" search="DnsEntryItem/Host" type="mir"/>
        <Content type="string">mag8u1tejdt.biz</Content>
      </IndicatorItem>
      <IndicatorItem id="d8c89545-756f-4eac-b55c-c1c2e62692c3" condition="contains">
        <Context document="DnsEntryItem" search="DnsEntryItem/Host" type="mir"/>
        <Content type="string">m7lea5yck9i3l.biz</Content>
      </IndicatorItem>
      <IndicatorItem id="3d2cdd5f-65d9-4619-8363-d45f327b0f87" condition="contains">
        <Context document="DnsEntryItem" search="DnsEntryItem/Host" type="mir"/>
        <Content type="string">map9u1tejdt.net</Content>
      </IndicatorItem>
      <IndicatorItem id="7d575180-c909-4719-866c-c5b7aa090be7" condition="contains">
        <Context document="DnsEntryItem" search="DnsEntryItem/Host" type="mir"/>
        <Content type="string">k2rdz1yeodm.biz</Content>
      </IndicatorItem>
      <IndicatorItem id="63c7497c-a760-441a-a162-e293fbea029c" condition="contains">
        <Context document="DnsEntryItem" search="DnsEntryItem/Host" type="mir"/>
        <Content type="string">oaxey7m0lde8s1v.info</Content>
      </IndicatorItem>
      <IndicatorItem id="45f92d4d-6332-4a0a-b71b-93aaca848302" condition="contains">
        <Context document="DnsEntryItem" search="DnsEntryItem/Host" type="mir"/>
        <Content type="string">k2t6i2yeodm.biz</Content>
      </IndicatorItem>
      <IndicatorItem id="15bf6c15-03e8-454c-99b6-6a0f58058179" condition="contains">
        <Context document="DnsEntryItem" search="DnsEntryItem/Host" type="mir"/>
        <Content type="string">oap3p6f5lde8s1v.biz</Content>
      </IndicatorItem>
      <IndicatorItem id="477cac7e-37a6-441c-a4e5-fc5f3f59cfd3" condition="contains">
        <Context document="DnsEntryItem" search="DnsEntryItem/Host" type="mir"/>
        <Content type="string">q5y6vdf7tdm8a1p.info</Content>
      </IndicatorItem>
      <IndicatorItem id="62069e2e-4362-4454-beea-0ae89bf5fe70" condition="contains">
        <Context document="DnsEntryItem" search="DnsEntryItem/Host" type="mir"/>
        <Content type="string">oafcffg8uee8s1v.net</Content>
      </IndicatorItem>
      <IndicatorItem id="90b2bc17-e4a9-4cf1-8e8a-bd3da534ec6a" condition="contains">
        <Context document="DnsEntryItem" search="DnsEntryItem/Host" type="mir"/>
        <Content type="string">h0nct5rca9y3f.biz</Content>
      </IndicatorItem>
      <IndicatorItem id="3281dd3d-a5cb-41a1-ae6e-0603dcaf83e8" condition="contains">
        <Context document="DnsEntryItem" search="DnsEntryItem/Host" type="mir"/>
        <Content type="string">a1z1h2xendd.biz</Content>
      </IndicatorItem>
      <IndicatorItem id="f6710a9a-fed0-4a24-a721-136c1b796e17" condition="contains">
        <Context document="DnsEntryItem" search="DnsEntryItem/Host" type="mir"/>
        <Content type="string">abo0u6ach9k3w.net</Content>
      </IndicatorItem>
      <IndicatorItem id="0fb80dd1-8fb8-4a71-88b7-a25d30094081" condition="contains">
        <Context document="DnsEntryItem" search="DnsEntryItem/Host" type="mir"/>
        <Content type="string">q5o2uad1cem8a1p.net</Content>
      </IndicatorItem>
      <IndicatorItem id="18fc7710-6014-4589-810a-e166559b67de" condition="contains">
        <Context document="DnsEntryItem" search="DnsEntryItem/Host" type="mir"/>
        <Content type="string">m2lfk2jfqdj8x1o.info</Content>
      </IndicatorItem>
      <IndicatorItem id="893bd533-ad01-4537-866f-656caf273c73" condition="contains">
        <Context document="DnsEntryItem" search="DnsEntryItem/Host" type="mir"/>
        <Content type="string">a1hcy1xendd.net</Content>
      </IndicatorItem>
      <IndicatorItem id="e488839c-ef0a-46ce-af7b-d1247fd2b61c" condition="contains">
        <Context document="DnsEntryItem" search="DnsEntryItem/Host" type="mir"/>
        <Content type="string">m2w9c4qaqdj8x1o.net</Content>
      </IndicatorItem>
      <IndicatorItem id="99b8facb-8160-4056-987a-4ee1595c719b" condition="contains">
        <Context document="DnsEntryItem" search="DnsEntryItem/Host" type="mir"/>
        <Content type="string">o5e4l2berdn.net</Content>
      </IndicatorItem>
      <IndicatorItem id="10447fba-d458-4f58-bae5-cb26071766e5" condition="contains">
        <Context document="DnsEntryItem" search="DnsEntryItem/Host" type="mir"/>
        <Content type="string">zbqaf5zcv9s3x.biz</Content>
      </IndicatorItem>
      <IndicatorItem id="ad5e2c58-f985-4d44-a79a-0f6784f1cdb8" condition="contains">
        <Context document="DnsEntryItem" search="DnsEntryItem/Host" type="mir"/>
        <Content type="string">c1jczbhcpdi8w1f.biz</Content>
      </IndicatorItem>
      <IndicatorItem id="cde7132e-4d49-4c65-aeca-6a31c70a24c1" condition="contains">
        <Context document="DnsEntryItem" search="DnsEntryItem/Host" type="mir"/>
        <Content type="string">k2qai2yeodm.net</Content>
      </IndicatorItem>
      <IndicatorItem id="0b155b47-7c99-475c-b4bc-22b5d91b59ca" condition="contains">
        <Context document="DnsEntryItem" search="DnsEntryItem/Host" type="mir"/>
        <Content type="string">m2d4berdzej8x1o.info</Content>
      </IndicatorItem>
      <IndicatorItem id="8d21ad67-2e6c-4f68-b572-20a2f5ea2cd2" condition="contains">
        <Context document="DnsEntryItem" search="DnsEntryItem/Host" type="mir"/>
        <Content type="string">maefu1tejdt.net</Content>
      </IndicatorItem>
      <IndicatorItem id="50dd9081-0fcd-4c94-bf9a-f259b40376c8" condition="contains">
        <Context document="DnsEntryItem" search="DnsEntryItem/Host" type="mir"/>
        <Content type="string">o5dec1berdn.info</Content>
      </IndicatorItem>
      <IndicatorItem id="b79d7aa8-be1f-40b4-87ba-9beae85c4e7f" condition="contains">
        <Context document="DnsEntryItem" search="DnsEntryItem/Host" type="mir"/>
        <Content type="string">afwyhvinmw.info</Content>
      </IndicatorItem>
      <IndicatorItem id="a43badc0-064a-4f2e-91d5-d07da31979c0" condition="contains">
        <Context document="DnsEntryItem" search="DnsEntryItem/Host" type="mir"/>
        <Content type="string">wyfxanxjeu.info</Content>
      </IndicatorItem>
      <IndicatorItem id="6d2f68d1-bde1-49dc-a667-6fe3a1b84226" condition="contains">
        <Context document="DnsEntryItem" search="DnsEntryItem/Host" type="mir"/>
        <Content type="string">q5w0f4n5lfm8a1p.info</Content>
      </IndicatorItem>
      <IndicatorItem id="fa872fa7-e72b-4f94-a447-3284c79d789b" condition="contains">
        <Context document="DnsEntryItem" search="DnsEntryItem/Host" type="mir"/>
        <Content type="string">m2kcjcj2ifj8x1o.biz</Content>
      </IndicatorItem>
      <IndicatorItem id="11217c52-65b9-4680-b9f7-e993c41b44c8" condition="contains">
        <Context document="DnsEntryItem" search="DnsEntryItem/Host" type="mir"/>
        <Content type="string">a1k8h2xendd.info</Content>
      </IndicatorItem>
      <IndicatorItem id="6fa0138a-6b50-42c5-8b38-522d7f61ab06" condition="contains">
        <Context document="DnsEntryItem" search="DnsEntryItem/Host" type="mir"/>
        <Content type="string">f8wda5yck9i3h.net</Content>
      </IndicatorItem>
      <IndicatorItem id="f99dcbb2-78f4-4a72-9bdd-7dccb11b1f72" condition="contains">
        <Context document="DnsEntryItem" search="DnsEntryItem/Host" type="mir"/>
        <Content type="string">k2zbz1yeodm.info</Content>
      </IndicatorItem>
      <IndicatorItem id="4dbfc987-6aa5-424f-ae9c-b8f12d575a59" condition="contains">
        <Context document="DnsEntryItem" search="DnsEntryItem/Host" type="mir"/>
        <Content type="string">ubjcl5ucn9g3m.info</Content>
      </IndicatorItem>
      <IndicatorItem id="4165ca9c-4dec-4fa1-87dd-28454fe209b9" condition="contains">
        <Context document="DnsEntryItem" search="DnsEntryItem/Host" type="mir"/>
        <Content type="string">qgjhmerjec.info</Content>
      </IndicatorItem>
      <IndicatorItem id="7f49779c-882b-4f4d-9399-7c28027a9bfa" condition="contains">
        <Context document="DnsEntryItem" search="DnsEntryItem/Host" type="mir"/>
        <Content type="string">x7sbu5hcg9b3f.net</Content>
      </IndicatorItem>
      <IndicatorItem id="82fc19c6-cbb7-44be-b4e5-56970a31a0db" condition="contains">
        <Context document="DnsEntryItem" search="DnsEntryItem/Host" type="mir"/>
        <Content type="string">jmxkowzoen.info</Content>
      </IndicatorItem>
      <IndicatorItem id="687d8d21-ed76-4e7e-b2df-0204404ae9c5" condition="contains">
        <Context document="DnsEntryItem" search="DnsEntryItem/Host" type="mir"/>
        <Content type="string">tyixfhsfax.info</Content>
      </IndicatorItem>
      <IndicatorItem id="34a3ce2d-6a02-419e-adcc-3e9563d782cd" condition="contains">
        <Context document="DnsEntryItem" search="DnsEntryItem/Host" type="mir"/>
        <Content type="string">k2l8z1yeodm.info</Content>
      </IndicatorItem>
      <IndicatorItem id="5eef1ea5-5e25-4e0e-9e11-8f3645db63a6" condition="contains">
        <Context document="DnsEntryItem" search="DnsEntryItem/Host" type="mir"/>
        <Content type="string">btloxcyrok.info</Content>
      </IndicatorItem>
      <IndicatorItem id="47cf6031-8f03-4d55-b364-48cbbdf7362c" condition="contains">
        <Context document="DnsEntryItem" search="DnsEntryItem/Host" type="mir"/>
        <Content type="string">qemyxsdigi.info</Content>
      </IndicatorItem>
      <IndicatorItem id="cb4a0dbf-02e8-406a-91a6-62a5a41d7e39" condition="contains">
        <Context document="DnsEntryItem" search="DnsEntryItem/Host" type="mir"/>
        <Content type="string">vqvsaergek.info</Content>
      </IndicatorItem>
      <IndicatorItem id="ef5bec3b-b0cb-4d59-91d1-88d2cfa350c7" condition="contains">
        <Context document="DnsEntryItem" search="DnsEntryItem/Host" type="mir"/>
        <Content type="string">c1b1jfi2pdi8w1f.net</Content>
      </IndicatorItem>
      <IndicatorItem id="7c7c6d6d-256d-467a-9892-a7c504fd0d32" condition="contains">
        <Context document="FileItem" search="FileItem/Sha1sum" type="mir"/>
        <Content type="sha1">ee679661829405d4a57dbea7f39efeb526681a7f</Content>
      </IndicatorItem>
      <IndicatorItem id="55a3feeb-bcfd-4435-a145-f2bd77b8d7ec" condition="contains">
        <Context document="FileItem" search="FileItem/Sha1sum" type="mir"/>
        <Content type="sha1">5196a8a034611aaa112232767aafd74b8ef71279</Content>
      </IndicatorItem>
      <IndicatorItem id="4bc8c243-c81e-49a7-9609-f3339a13a79d" condition="contains">
        <Context document="FileItem" search="FileItem/Sha1sum" type="mir"/>
        <Content type="sha1">471ee431030332dd636b8af24a428556ee72df37</Content>
      </IndicatorItem>
      <IndicatorItem id="1052aed9-afe6-46d3-abca-11b30db15dbe" condition="contains">
        <Context document="FileItem" search="FileItem/Sha1sum" type="mir"/>
        <Content type="sha1">8daad0a043237c5e3c760133754528b97efad459</Content>
      </IndicatorItem>
      <IndicatorItem id="ed3f8656-2ae1-4bd1-99a1-904205ea86d1" condition="contains">
        <Context document="FileItem" search="FileItem/Sha1sum" type="mir"/>
        <Content type="sha1">20467521bfd58e9ed388ce83467d73e8fd0293a7</Content>
      </IndicatorItem>
      <IndicatorItem id="9b989872-76b5-49b8-8bdf-f42d3168437d" condition="contains">
        <Context document="FileItem" search="FileItem/Sha1sum" type="mir"/>
        <Content type="sha1">1a9aff1c382a3b139b33eeccae954c2d65b64b90</Content>
      </IndicatorItem>
      <IndicatorItem id="dac99b57-c9b2-47dc-ad49-5373d326d7c5" condition="contains">
        <Context document="FileItem" search="FileItem/Sha1sum" type="mir"/>
        <Content type="sha1">98cdbf1e0d202f5948552cebaa9f0315b7a3731d</Content>
      </IndicatorItem>
      <IndicatorItem id="9b740f7c-a987-40fc-bb88-7dddfe8c5970" condition="contains">
        <Context document="FileItem" search="FileItem/Sha1sum" type="mir"/>
        <Content type="sha1">5d3ec6c11c6b5e241df1cc19aa16d50652d6fac0</Content>
      </IndicatorItem>
      <IndicatorItem id="37cba681-eb96-4239-b522-e5b74fa6b289" condition="contains">
        <Context document="FileItem" search="FileItem/Sha1sum" type="mir"/>
        <Content type="sha1">4f40bb464526964ba49ed3a3b2b2b74491ea89a4</Content>
      </IndicatorItem>
      <IndicatorItem id="39c3f9cc-b327-406d-aa90-99bcf821d239" condition="contains">
        <Context document="FileItem" search="FileItem/Sha1sum" type="mir"/>
        <Content type="sha1">25a819d658d02548b2e5bdb52d2002df2f65b03a</Content>
      </IndicatorItem>
      <IndicatorItem id="27e38c1f-507a-4dd0-9b89-065db19a0b58" condition="contains">
        <Context document="FileItem" search="FileItem/Sha1sum" type="mir"/>
        <Content type="sha1">0004b44d110ad9bc48864da3aea9d80edfceed3f</Content>
      </IndicatorItem>
      <IndicatorItem id="7f3918f1-f6d1-4817-a796-0da8cc3008d6" condition="contains">
        <Context document="FileItem" search="FileItem/Sha1sum" type="mir"/>
        <Content type="sha1">e14da493d70ea4dd43e772117a61f9dbcff2c41c</Content>
      </IndicatorItem>
      <IndicatorItem id="4ac8b85a-2926-4582-89e2-3b751d36e399" condition="contains">
        <Context document="FileItem" search="FileItem/Sha1sum" type="mir"/>
        <Content type="sha1">f1ada064941f77929c49c8d773cbad9c15eba322</Content>
      </IndicatorItem>
      <IndicatorItem id="d3fe2d61-fd2a-4864-86e0-efeb5b9b63bc" condition="contains">
        <Context document="FileItem" search="FileItem/Sha1sum" type="mir"/>
        <Content type="sha1">a51b1835abee79959e1f8e9293a9dcd8d8e18977</Content>
      </IndicatorItem>
      <IndicatorItem id="29cc657e-7d96-49b6-a8be-72409e2dc3fc" condition="contains">
        <Context document="FileItem" search="FileItem/Sha1sum" type="mir"/>
        <Content type="sha1">ac96adbe1b4e73c95c28d87fa46dcf55d4f8eea2</Content>
      </IndicatorItem>
      <IndicatorItem id="ed381624-2ca9-42e6-94db-c0fa6dc99d64" condition="contains">
        <Context document="FileItem" search="FileItem/Sha1sum" type="mir"/>
        <Content type="sha1">dd7846b3ec2e88083cae353c02c559e79124a745</Content>
      </IndicatorItem>
      <IndicatorItem id="10284669-2a51-4633-8110-b7b24a096bf9" condition="contains">
        <Context document="FileItem" search="FileItem/Sha1sum" type="mir"/>
        <Content type="sha1">858c612fe020fd5089a05a3ec24a6577cbeaf7eb</Content>
      </IndicatorItem>
      <IndicatorItem id="19051832-f4e3-4d50-9fbe-2d67cb07af3a" condition="contains">
        <Context document="FileItem" search="FileItem/Sha1sum" type="mir"/>
        <Content type="sha1">adfcd3e591330b8d84ab2ab1f7814d36e7b7e89f</Content>
      </IndicatorItem>
      <IndicatorItem id="b9e6ea4c-8c80-43df-9d06-f65bdf913632" condition="contains">
        <Context document="FileItem" search="FileItem/Sha1sum" type="mir"/>
        <Content type="sha1">035327b42f6e910b652bbdde5d9c270cfbaa9669</Content>
      </IndicatorItem>
      <IndicatorItem id="d99c9785-327e-4471-ae70-395aff4f7d29" condition="contains">
        <Context document="FileItem" search="FileItem/Sha1sum" type="mir"/>
        <Content type="sha1">62c4b65e0c4f52c744b498b555c20f0e76363147</Content>
      </IndicatorItem>
      <IndicatorItem id="789e9985-4d8f-463e-b5cd-0ac4d75d8995" condition="contains">
        <Context document="FileItem" search="FileItem/Sha1sum" type="mir"/>
        <Content type="sha1">bd867907a5059ab1850918d24b4b9bbe33c16b76</Content>
      </IndicatorItem>
      <IndicatorItem id="67dd2343-0381-4d75-adca-811872f43baf" condition="contains">
        <Context document="FileItem" search="FileItem/Sha1sum" type="mir"/>
        <Content type="sha1">7adb38bf14e6bf0d5b24fa3f3c9abed78c061ad1</Content>
      </IndicatorItem>
      <IndicatorItem id="1ad3570e-3217-4db1-9892-7f8f7ae896c2" condition="contains">
        <Context document="FileItem" search="FileItem/Sha1sum" type="mir"/>
        <Content type="sha1">051a89a7a335062829a8e938b8d4e3e2b532f6ff</Content>
      </IndicatorItem>
      <IndicatorItem id="b20adbc0-de1c-4468-aa97-b788977ccf99" condition="contains">
        <Context document="FileItem" search="FileItem/Sha1sum" type="mir"/>
        <Content type="sha1">03592b8147e2c84233da47f6e957acd192b3796a</Content>
      </IndicatorItem>
      <IndicatorItem id="041d89d2-a0f9-4822-9340-84107ed246db" condition="contains">
        <Context document="FileItem" search="FileItem/Sha1sum" type="mir"/>
        <Content type="sha1">9bb6a2157c6a3df16c8d2ad107f957153cba4236</Content>
      </IndicatorItem>
      <IndicatorItem id="a74393f1-3e54-4b3a-b6a3-ed31b4bdd02e" condition="contains">
        <Context document="FileItem" search="FileItem/Sha1sum" type="mir"/>
        <Content type="sha1">5bdf483279a4a816ed4f8a235e799d5068d14f64</Content>
      </IndicatorItem>
      <IndicatorItem id="7f46129b-b277-4684-9f61-476870ad062d" condition="contains">
        <Context document="FileItem" search="FileItem/Sha1sum" type="mir"/>
        <Content type="sha1">4d12f98fd49e58e0635c6adce292cc56a31da2a2</Content>
      </IndicatorItem>
      <IndicatorItem id="0eaf1073-07a8-4eb2-ba72-c760999e0f5d" condition="contains">
        <Context document="FileItem" search="FileItem/Sha1sum" type="mir"/>
        <Content type="sha1">1dd7a18125353d426b5314c4ba04d60674ffa837</Content>
      </IndicatorItem>
      <IndicatorItem id="1080996b-61d4-441a-8d50-2d8315b8f101" condition="contains">
        <Context document="FileItem" search="FileItem/Sha1sum" type="mir"/>
        <Content type="sha1">2e571993e30742ee04500fbe4a40ee1b14fa64d7</Content>
      </IndicatorItem>
      <IndicatorItem id="b9301a9b-a12e-4e5b-8125-46bf7341d912" condition="contains">
        <Context document="FileItem" search="FileItem/Sha1sum" type="mir"/>
        <Content type="sha1">b8508fc2090ddee19a19659ea794f60f0c2c23ff</Content>
      </IndicatorItem>
      <IndicatorItem id="344b5251-4ca9-43a9-b901-180913cb5a84" condition="contains">
        <Context document="FileItem" search="FileItem/Sha1sum" type="mir"/>
        <Content type="sha1">ebc45dd1723178f50b6d6f1abfb0b5a728c01968</Content>
      </IndicatorItem>
      <IndicatorItem id="9455261a-9567-4eb6-82a6-55b1934f7fb9" condition="contains">
        <Context document="FileItem" search="FileItem/Sha1sum" type="mir"/>
        <Content type="sha1">3c5ec2ab2c34ab57cba69bb2dee70c980f26b1bf</Content>
      </IndicatorItem>
      <IndicatorItem id="52f30912-f3c4-42bc-aede-33d269defb0f" condition="contains">
        <Context document="FileItem" search="FileItem/Sha1sum" type="mir"/>
        <Content type="sha1">0daa51519797cefedd52864be0da7fa1a93ca30b</Content>
      </IndicatorItem>
      <IndicatorItem id="8be9a92e-e41a-453f-9b35-c263adfa5c0b" condition="contains">
        <Context document="FileItem" search="FileItem/Sha1sum" type="mir"/>
        <Content type="sha1">c4c28d0372aee7001c44a1659097c948df91985d</Content>
      </IndicatorItem>
      <IndicatorItem id="85fe5ecf-ef6d-4f41-b6b1-538dd1b16607" condition="contains">
        <Context document="FileItem" search="FileItem/Sha1sum" type="mir"/>
        <Content type="sha1">a0f18b5ee2d347961b7109a22ea06cca962693d2</Content>
      </IndicatorItem>
      <IndicatorItem id="bc7ddf5a-28ce-435d-bf78-fa52a274358d" condition="contains">
        <Context document="FileItem" search="FileItem/Sha1sum" type="mir"/>
        <Content type="sha1">fdf91a8c0ff72c9d02467881b7f3c44a8a3c707a</Content>
      </IndicatorItem>
      <IndicatorItem id="a141b20e-86db-48ba-8430-50ea1d6ab9a1" condition="contains">
        <Context document="FileItem" search="FileItem/Sha1sum" type="mir"/>
        <Content type="sha1">6180d8c1c6967d15a0abb0895103ccc817e43362</Content>
      </IndicatorItem>
      <IndicatorItem id="fcf9a1b8-2976-458e-abd0-9ad620a41a73" condition="contains">
        <Context document="FileItem" search="FileItem/Sha1sum" type="mir"/>
        <Content type="sha1">149cf77d2c6db226e172390a9b80bc949149e1dc</Content>
      </IndicatorItem>
      <IndicatorItem id="b2506d60-beb2-4afb-afb0-d96489182a3a" condition="contains">
        <Context document="FileItem" search="FileItem/Sha1sum" type="mir"/>
        <Content type="sha1">9018377c0190392cc95631170efb7d688c4fd393</Content>
      </IndicatorItem>
      <IndicatorItem id="a5635a4d-5d21-44b6-99ef-4be7488d8f71" condition="contains">
        <Context document="FileItem" search="FileItem/Sha1sum" type="mir"/>
        <Content type="sha1">10c6ce8ee3e5a7cb5eccf3dffd8f580e4fb49089</Content>
      </IndicatorItem>
      <IndicatorItem id="b908eb18-9355-4ce0-a04d-b0fcd79c64b2" condition="contains">
        <Context document="FileItem" search="FileItem/Sha1sum" type="mir"/>
        <Content type="sha1">78c63e9111a6701a8308ad7db193c6abb17c65c4</Content>
      </IndicatorItem>
      <IndicatorItem id="0cf3a348-34d0-495e-81a7-9e6ba5468243" condition="contains">
        <Context document="FileItem" search="FileItem/Sha1sum" type="mir"/>
        <Content type="sha1">74cd5ae9f6bbdf27b4eaf45c4a22c6aae07345a2</Content>
      </IndicatorItem>
      <IndicatorItem id="4e83716d-7a36-4c62-93da-aef00c6a60f3" condition="contains">
        <Context document="FileItem" search="FileItem/Sha1sum" type="mir"/>
        <Content type="sha1">ddb9a74cd91217cfcf8d4ecb77ae2ae11b707cd7</Content>
      </IndicatorItem>
      <IndicatorItem id="04f32757-02f2-4034-b36f-3122f83f31b3" condition="contains">
        <Context document="FileItem" search="FileItem/Sha1sum" type="mir"/>
        <Content type="sha1">bf1466936e3bd882b47210c12bf06cb63f7624c0</Content>
      </IndicatorItem>
      <IndicatorItem id="b6008c30-c5e8-4702-b181-bcc6a653effb" condition="contains">
        <Context document="FileItem" search="FileItem/Sha1sum" type="mir"/>
        <Content type="sha1">2fc132440bafdbc72f4d4e8dcb2563cc0a6e096b</Content>
      </IndicatorItem>
      <IndicatorItem id="fb64a154-1ff6-4d70-b289-b9fb50c9073b" condition="contains">
        <Context document="FileItem" search="FileItem/Sha1sum" type="mir"/>
        <Content type="sha1">267d010201c9ff53f8dc3fb0a48145dc49f9de1e</Content>
      </IndicatorItem>
      <IndicatorItem id="36158ebb-3f48-4b4f-a7a8-ba36c5dd0983" condition="contains">
        <Context document="FileItem" search="FileItem/Sha1sum" type="mir"/>
        <Content type="sha1">7314eadbdf18da424c4d8510afcc9fe5fcb56b39</Content>
      </IndicatorItem>
      <IndicatorItem id="ec2f9ce0-37d7-49e7-adea-d39266611368" condition="contains">
        <Context document="FileItem" search="FileItem/Sha1sum" type="mir"/>
        <Content type="sha1">58f185c3fe9ce0fb7cac9e433fb881effad31421</Content>
      </IndicatorItem>
      <IndicatorItem id="a81b80de-9bcd-4112-8797-1c89512f8621" condition="contains">
        <Context document="FileItem" search="FileItem/Sha1sum" type="mir"/>
        <Content type="sha1">bbce62fb1fc8bbed9b40cfb998822c266b95d148</Content>
      </IndicatorItem>
      <IndicatorItem id="cd05ff7e-7381-4c15-a67f-58a43cd5b85a" condition="contains">
        <Context document="FileItem" search="FileItem/Sha1sum" type="mir"/>
        <Content type="sha1">9e2af0910676ec2d92a1cad1ab89029bc036f599</Content>
      </IndicatorItem>
      <IndicatorItem id="33cd3eec-c8a3-44aa-bf47-5af89b72feb9" condition="contains">
        <Context document="FileItem" search="FileItem/Sha1sum" type="mir"/>
        <Content type="sha1">fa6707c7ef12ce9b0f7152ca300ebb2bc026ce0b</Content>
      </IndicatorItem>
      <IndicatorItem id="190352f5-79c9-4aba-841e-e5e083c9f1e1" condition="contains">
        <Context document="FileItem" search="FileItem/Sha1sum" type="mir"/>
        <Content type="sha1">24e3ebc0c5a28ba433dfa69c169a8dd90e05c429</Content>
      </IndicatorItem>
      <IndicatorItem id="db9b19cc-b693-44dc-bdbb-1e7bf0a277ee" condition="contains">
        <Context document="FileItem" search="FileItem/Sha1sum" type="mir"/>
        <Content type="sha1">f634f305a655b06f2647b82b58f7d3920546ac89</Content>
      </IndicatorItem>
      <IndicatorItem id="d5652f04-81f5-45ed-8ad8-2c0a6bd6bf8d" condition="contains">
        <Context document="FileItem" search="FileItem/Sha1sum" type="mir"/>
        <Content type="sha1">fc39009542c62a93d472c32891b3811a4900628a</Content>
      </IndicatorItem>
      <IndicatorItem id="25fbd03e-abef-4479-be6d-293903e81053" condition="contains">
        <Context document="FileItem" search="FileItem/Sha1sum" type="mir"/>
        <Content type="sha1">39ec9e03edb25f1c316822605fe4df7a7b1ad94a</Content>
      </IndicatorItem>
      <IndicatorItem id="c101b4a9-6e1d-4429-b6b9-e4a1c8d8710c" condition="contains">
        <Context document="FileItem" search="FileItem/Sha1sum" type="mir"/>
        <Content type="sha1">575bb6e681b5f1e1b774fee0fa5c4fe538308814</Content>
      </IndicatorItem>
      <IndicatorItem id="6619e46f-1224-4051-bcc7-1ee9a8970b06" condition="contains">
        <Context document="FileItem" search="FileItem/Sha1sum" type="mir"/>
        <Content type="sha1">09c8af3be4327c83d4a7124a678bbc81e12a1de4</Content>
      </IndicatorItem>
      <IndicatorItem id="6fe94920-64bf-4466-87fd-a9007622514e" condition="contains">
        <Context document="FileItem" search="FileItem/Sha1sum" type="mir"/>
        <Content type="sha1">8f75993437c7983ac35759fe9c5245295d411d35</Content>
      </IndicatorItem>
      <IndicatorItem id="19f468c4-77e8-41b0-8396-37009e328cdd" condition="contains">
        <Context document="FileItem" search="FileItem/Sha1sum" type="mir"/>
        <Content type="sha1">5b87807b4a1796cfb1843df03b3dca7b17995d20</Content>
      </IndicatorItem>
      <IndicatorItem id="60da8ff9-e2ef-4441-b595-91a70c07cc24" condition="contains">
        <Context document="FileItem" search="FileItem/Sha1sum" type="mir"/>
        <Content type="sha1">1972616a731c9e8a3dbda8ece1072bd16c44aa35</Content>
      </IndicatorItem>
      <IndicatorItem id="cf6be010-f354-47aa-b53f-694620b9ba11" condition="contains">
        <Context document="FileItem" search="FileItem/Sha1sum" type="mir"/>
        <Content type="sha1">a53a30f8cdf116de1b41224763c243dae16417e4</Content>
      </IndicatorItem>
      <IndicatorItem id="98242200-4f5b-40f6-bcbc-162020542904" condition="contains">
        <Context document="FileItem" search="FileItem/Sha1sum" type="mir"/>
        <Content type="sha1">74aa801c89d07fa5a9692f8b41cb8dd07e77e407</Content>
      </IndicatorItem>
      <IndicatorItem id="9c0d8fd0-6d16-40d4-a0df-0d24b2511924" condition="contains">
        <Context document="FileItem" search="FileItem/Sha1sum" type="mir"/>
        <Content type="sha1">899b860ef9d23095edb6b941866ea841d64d1b26</Content>
      </IndicatorItem>
      <IndicatorItem id="8bd96d12-0679-414e-90db-1ca81a4839a0" condition="contains">
        <Context document="FileItem" search="FileItem/Sha1sum" type="mir"/>
        <Content type="sha1">e2a204636bda486c43d7929880eba6cb8e9de068</Content>
      </IndicatorItem>
      <IndicatorItem id="7b3357c2-ece4-483e-a3a2-21c126caa0c8" condition="contains">
        <Context document="FileItem" search="FileItem/Sha1sum" type="mir"/>
        <Content type="sha1">a7b8d06e2c0124e6a0f9021c911b36166a8b62c5</Content>
      </IndicatorItem>
      <IndicatorItem id="73551be2-d0b8-4ade-8345-cd32b669e0d1" condition="contains">
        <Context document="FileItem" search="FileItem/Sha1sum" type="mir"/>
        <Content type="sha1">42123cbf9d51fb3dea312290920b57bd5646cefb</Content>
      </IndicatorItem>
      <IndicatorItem id="c55c2282-96ee-45c4-88e6-91b5249b734f" condition="contains">
        <Context document="FileItem" search="FileItem/Sha1sum" type="mir"/>
        <Content type="sha1">d552cbadee27423772a37c59cb830703b757f35e</Content>
      </IndicatorItem>
      <IndicatorItem id="51c752e7-78e5-4b6d-b61c-5abb3b94f905" condition="contains">
        <Context document="FileItem" search="FileItem/Sha1sum" type="mir"/>
        <Content type="sha1">0eb1108a9d2c9fe1af4f031c84e30dcb43610302</Content>
      </IndicatorItem>
      <IndicatorItem id="cd10db05-0606-490f-8124-f1f920185566" condition="is">
        <Context document="PortItem" search="PortItem/remoteIP" type="mir"/>
        <Content type="IP">85.214.80.4</Content>
      </IndicatorItem>
      <IndicatorItem id="658156ff-fa88-4ec2-bbf8-593a1e4430bb" condition="is">
        <Context document="PortItem" search="PortItem/remoteIP" type="mir"/>
        <Content type="IP">77.67.80.31</Content>
      </IndicatorItem>
    </Indicator>
  </definition>
</ioc>
