<?xml version='1.0' encoding='UTF-8'?>
<ioc xmlns:xsi="http://www.w3.org/2001/XMLSchema-instance" xmlns:xsd="http://www.w3.org/2001/XMLSchema" xmlns="http://schemas.mandiant.com/2010/ioc" id="2c8c47b1-94d0-4dc2-9a87-84cdef09211f" last-modified="2016-07-10T09:37:24">
  <short_description>Fessleak malvertising campaign</short_description>
  <description>Fessleak malvertising campaign</description>
  <keywords/>
  <authored_by>AlienVault - Alienvault OTX</authored_by>
  <authored_date>2016-07-10T09:37:24</authored_date>
  <links>
    <link rel="http://www.invincea.com/2015/02/fessleak-the-zero-day-driven-advanced-ransomware-malvertising-campaign/">http://www.invincea.com/2015/02/fessleak-the-zero-day-driven-advanced-ransomware-malvertising-campaign/</link>
    <link rel="https://otx.alienvault.com/pulse/54d2c4c211d408167c9dea80">https://otx.alienvault.com/pulse/54d2c4c211d408167c9dea80</link>
  </links>
  <definition>
    <Indicator id="c8377c4e-bea4-4214-a09d-8a92adcdab09" operator="OR">
      <IndicatorItem id="5272ef4c-ffc2-490f-9379-5579abd47171" condition="contains">
        <Context document="DnsEntryItem" search="DnsEntryItem/Host" type="mir"/>
        <Content type="string">zarafint.org</Content>
      </IndicatorItem>
      <IndicatorItem id="4b16bdf8-35d5-4684-90df-f07e4e30787b" condition="contains">
        <Context document="DnsEntryItem" search="DnsEntryItem/Host" type="mir"/>
        <Content type="string">litpou.org</Content>
      </IndicatorItem>
      <IndicatorItem id="93cf5369-8607-4be2-a113-ddc4f3b5d6e5" condition="contains">
        <Context document="DnsEntryItem" search="DnsEntryItem/Host" type="mir"/>
        <Content type="string">labutinra.org</Content>
      </IndicatorItem>
      <IndicatorItem id="4f33c951-1c2a-4312-8a94-0011123a3fb1" condition="contains">
        <Context document="DnsEntryItem" search="DnsEntryItem/Host" type="mir"/>
        <Content type="string">azurf.org</Content>
      </IndicatorItem>
      <IndicatorItem id="5ce01592-f51a-4f70-9115-e6997b9188e3" condition="contains">
        <Context document="DnsEntryItem" search="DnsEntryItem/Host" type="mir"/>
        <Content type="string">beatrinko.org</Content>
      </IndicatorItem>
      <IndicatorItem id="b589dbef-4812-4682-ad01-80978169b7a2" condition="contains">
        <Context document="DnsEntryItem" search="DnsEntryItem/Host" type="mir"/>
        <Content type="string">landors.org</Content>
      </IndicatorItem>
      <IndicatorItem id="6d2461c8-8780-43b3-b12a-de4bb3e7ce16" condition="contains">
        <Context document="DnsEntryItem" search="DnsEntryItem/Host" type="mir"/>
        <Content type="string">tesuin.org</Content>
      </IndicatorItem>
      <IndicatorItem id="c764309d-5fcd-47ec-82b5-7042991f518b" condition="contains">
        <Context document="DnsEntryItem" search="DnsEntryItem/Host" type="mir"/>
        <Content type="string">timarols.org</Content>
      </IndicatorItem>
      <IndicatorItem id="9b20abf5-374a-472c-99ad-c6b3ac87e345" condition="contains">
        <Context document="DnsEntryItem" search="DnsEntryItem/Host" type="mir"/>
        <Content type="string">ontiq.com</Content>
      </IndicatorItem>
      <IndicatorItem id="dde3eae8-bb6f-4ebb-9cb2-73af7705c143" condition="contains">
        <Context document="DnsEntryItem" search="DnsEntryItem/Host" type="mir"/>
        <Content type="string">tunim.net</Content>
      </IndicatorItem>
      <IndicatorItem id="1645d220-ba14-49fd-b1a1-08e0b35e29c4" condition="contains">
        <Context document="DnsEntryItem" search="DnsEntryItem/Host" type="mir"/>
        <Content type="string">pinkavuz.org</Content>
      </IndicatorItem>
      <IndicatorItem id="feee69bb-2011-4ffb-abd3-5e31e6a75745" condition="contains">
        <Context document="DnsEntryItem" search="DnsEntryItem/Host" type="mir"/>
        <Content type="string">zhonte.org</Content>
      </IndicatorItem>
      <IndicatorItem id="34dfdf88-15d2-4381-8a98-98562b2df7b1" condition="contains">
        <Context document="DnsEntryItem" search="DnsEntryItem/Host" type="mir"/>
        <Content type="string">ermuz.com</Content>
      </IndicatorItem>
      <IndicatorItem id="c0d8cef0-04fe-481a-9c12-be46d7e9d809" condition="contains">
        <Context document="DnsEntryItem" search="DnsEntryItem/Host" type="mir"/>
        <Content type="string">deinq.com</Content>
      </IndicatorItem>
      <IndicatorItem id="3d1153e0-765f-42f6-b4f7-6368190e8f77" condition="contains">
        <Context document="DnsEntryItem" search="DnsEntryItem/Host" type="mir"/>
        <Content type="string">fersob.org</Content>
      </IndicatorItem>
      <IndicatorItem id="096accff-92a1-4549-b680-be048ac1ebaa" condition="contains">
        <Context document="DnsEntryItem" search="DnsEntryItem/Host" type="mir"/>
        <Content type="string">kenthopm.org</Content>
      </IndicatorItem>
      <IndicatorItem id="cd3d6f92-887e-48d0-bc40-20747ce09782" condition="contains">
        <Context document="DnsEntryItem" search="DnsEntryItem/Host" type="mir"/>
        <Content type="string">binachio.org</Content>
      </IndicatorItem>
      <IndicatorItem id="c7aa65d7-43b7-4a3e-942e-ff186b9b024f" condition="contains">
        <Context document="DnsEntryItem" search="DnsEntryItem/Host" type="mir"/>
        <Content type="string">uvreno.com</Content>
      </IndicatorItem>
      <IndicatorItem id="977b0501-0cd0-490a-87d9-32879b9ff7f6" condition="contains">
        <Context document="DnsEntryItem" search="DnsEntryItem/Host" type="mir"/>
        <Content type="string">estuty.com</Content>
      </IndicatorItem>
      <IndicatorItem id="6d120c95-8d29-46dd-9e2e-27cab8d91d69" condition="contains">
        <Context document="DnsEntryItem" search="DnsEntryItem/Host" type="mir"/>
        <Content type="string">vemisaio.org</Content>
      </IndicatorItem>
      <IndicatorItem id="eb0235f3-4b46-4b65-813a-ea6d8c709c8a" condition="contains">
        <Context document="DnsEntryItem" search="DnsEntryItem/Host" type="mir"/>
        <Content type="string">chebroom.com</Content>
      </IndicatorItem>
      <IndicatorItem id="142a2fd7-c25e-4d72-8753-5d66ac836318" condition="contains">
        <Context document="DnsEntryItem" search="DnsEntryItem/Host" type="mir"/>
        <Content type="string">vectallies.org</Content>
      </IndicatorItem>
      <IndicatorItem id="ea30195b-c347-4eae-ab55-10f8847f8b6d" condition="contains">
        <Context document="DnsEntryItem" search="DnsEntryItem/Host" type="mir"/>
        <Content type="string">rliner.org</Content>
      </IndicatorItem>
      <IndicatorItem id="979e5276-c046-44dc-89d9-12d34c502b5c" condition="contains">
        <Context document="DnsEntryItem" search="DnsEntryItem/Host" type="mir"/>
        <Content type="string">hevpazana.org</Content>
      </IndicatorItem>
      <IndicatorItem id="8cf4ce56-0929-4f79-b197-2a940b55b616" condition="is">
        <Context document="PortItem" search="PortItem/remoteIP" type="mir"/>
        <Content type="IP">64.34.127.134</Content>
      </IndicatorItem>
      <IndicatorItem id="73e914c5-3707-4dac-854a-30fa1f9dfc75" condition="is">
        <Context document="PortItem" search="PortItem/remoteIP" type="mir"/>
        <Content type="IP">64.34.127.86</Content>
      </IndicatorItem>
      <IndicatorItem id="4568ec55-270c-4344-8a1a-8e4d3a531905" condition="is">
        <Context document="PortItem" search="PortItem/remoteIP" type="mir"/>
        <Content type="IP">216.157.99.23</Content>
      </IndicatorItem>
      <IndicatorItem id="4721dcbd-6202-4e2b-a8b3-ec7b441ec05a" condition="is">
        <Context document="PortItem" search="PortItem/remoteIP" type="mir"/>
        <Content type="IP">216.151.221.212</Content>
      </IndicatorItem>
      <IndicatorItem id="19c3c9f9-a14c-49fd-89e1-1a0a310ad69f" condition="is">
        <Context document="PortItem" search="PortItem/remoteIP" type="mir"/>
        <Content type="IP">216.157.99.25</Content>
      </IndicatorItem>
    </Indicator>
  </definition>
</ioc>
