<?xml version='1.0' encoding='UTF-8'?>
<ioc xmlns:xsi="http://www.w3.org/2001/XMLSchema-instance" xmlns:xsd="http://www.w3.org/2001/XMLSchema" xmlns="http://schemas.mandiant.com/2010/ioc" id="34eb19ee-1b85-480a-a518-7656a3f3a3f1" last-modified="2016-07-10T09:37:22">
  <short_description>Anunak infrastructure</short_description>
  <description>Anunak infrastructure</description>
  <keywords/>
  <authored_by>AlienVault - Alienvault OTX</authored_by>
  <authored_date>2016-07-10T09:37:22</authored_date>
  <links>
    <link rel="http://blog.malcovery.com/blog/botnets-apts-and-malicious-emails">http://blog.malcovery.com/blog/botnets-apts-and-malicious-emails</link>
    <link rel="https://otx.alienvault.com/pulse/54d3019211d408167c9dea82">https://otx.alienvault.com/pulse/54d3019211d408167c9dea82</link>
  </links>
  <definition>
    <Indicator id="06d39115-5b43-462f-9424-75a48a1c72a5" operator="OR">
      <IndicatorItem id="f1489eec-5c68-4717-bf5e-26bdd57dadca" condition="contains">
        <Context document="DnsEntryItem" search="DnsEntryItem/Host" type="mir"/>
        <Content type="string">fudsufsd3.com</Content>
      </IndicatorItem>
      <IndicatorItem id="4d6517d9-d0c3-407b-b745-fca149698e14" condition="contains">
        <Context document="DnsEntryItem" search="DnsEntryItem/Host" type="mir"/>
        <Content type="string">ddnservice11.ru</Content>
      </IndicatorItem>
      <IndicatorItem id="bb85ac04-bd7d-47e4-80e2-63d112512bc8" condition="contains">
        <Context document="DnsEntryItem" search="DnsEntryItem/Host" type="mir"/>
        <Content type="string">dns22dns22.ru</Content>
      </IndicatorItem>
      <IndicatorItem id="7401a84c-e568-4c44-9189-d373537bffaf" condition="is">
        <Context document="PortItem" search="PortItem/remoteIP" type="mir"/>
        <Content type="IP">178.89.191.146</Content>
      </IndicatorItem>
      <IndicatorItem id="99080a09-3f27-457c-b342-46306dc84f00" condition="is">
        <Context document="PortItem" search="PortItem/remoteIP" type="mir"/>
        <Content type="IP">178.132.206.57</Content>
      </IndicatorItem>
      <IndicatorItem id="b02ac08e-24a3-476d-843d-cf1f905f69e7" condition="is">
        <Context document="PortItem" search="PortItem/remoteIP" type="mir"/>
        <Content type="IP">62.76.184.68</Content>
      </IndicatorItem>
      <IndicatorItem id="6bfdff2d-c0b8-49aa-a83a-15acfa182d34" condition="is">
        <Context document="PortItem" search="PortItem/remoteIP" type="mir"/>
        <Content type="IP">178.89.191.167</Content>
      </IndicatorItem>
      <IndicatorItem id="f0d1bed8-7b94-4209-a400-fdb949cb5168" condition="is">
        <Context document="PortItem" search="PortItem/remoteIP" type="mir"/>
        <Content type="IP">46.151.52.73</Content>
      </IndicatorItem>
      <IndicatorItem id="b9aa9f20-78ab-4f5f-8d1e-7effc1e1023c" condition="is">
        <Context document="PortItem" search="PortItem/remoteIP" type="mir"/>
        <Content type="IP">62.76.189.169</Content>
      </IndicatorItem>
      <IndicatorItem id="268c9207-0876-41e6-bea5-28e20ce621b6" condition="is">
        <Context document="PortItem" search="PortItem/remoteIP" type="mir"/>
        <Content type="IP">144.76.215.219</Content>
      </IndicatorItem>
    </Indicator>
  </definition>
</ioc>
