<?xml version='1.0' encoding='UTF-8'?>
<ioc xmlns:xsi="http://www.w3.org/2001/XMLSchema-instance" xmlns:xsd="http://www.w3.org/2001/XMLSchema" xmlns="http://schemas.mandiant.com/2010/ioc" id="3b5f7857-98cf-4256-a1a6-e094e617e40b" last-modified="2016-07-10T09:36:06">
  <short_description>Operation Buhtrap</short_description>
  <description>Operation Buhtrap</description>
  <keywords/>
  <authored_by>AlienVault - Alienvault OTX</authored_by>
  <authored_date>2016-07-10T09:36:06</authored_date>
  <links>
    <link rel="http://www.welivesecurity.com/2015/04/09/operation-buhtrap/">http://www.welivesecurity.com/2015/04/09/operation-buhtrap/</link>
    <link rel="https://otx.alienvault.com/pulse/5526ba3213432a0f48afdf60">https://otx.alienvault.com/pulse/5526ba3213432a0f48afdf60</link>
  </links>
  <definition>
    <Indicator id="dd56bcba-8b2a-4def-b273-a7f7fc36cedd" operator="OR">
      <IndicatorItem id="4b6c3a33-7ce5-41e4-873e-d192064098ca" condition="contains">
        <Context document="FileItem" search="FileItem/Sha1sum" type="mir"/>
        <Content type="sha1">9d081716e83c3075b2c80bb8806a257eed35929c</Content>
      </IndicatorItem>
      <IndicatorItem id="28f30986-81c6-453d-ac42-5daf52868076" condition="contains">
        <Context document="FileItem" search="FileItem/Sha1sum" type="mir"/>
        <Content type="sha1">cac0b41ef7eedcd3a8a5f83f7424c426ca05925c</Content>
      </IndicatorItem>
      <IndicatorItem id="ed83b519-4142-4c73-8651-e6e06187e353" condition="contains">
        <Context document="FileItem" search="FileItem/Sha1sum" type="mir"/>
        <Content type="sha1">3a643be0cea73084c6e4e6fe5dd3626e7f54e9ce</Content>
      </IndicatorItem>
      <IndicatorItem id="27934b86-3fa5-4b2f-b11e-e95b57064766" condition="contains">
        <Context document="FileItem" search="FileItem/Sha1sum" type="mir"/>
        <Content type="sha1">81b15a774c2fe146aeebaf9c10a5b907e38cdd26</Content>
      </IndicatorItem>
      <IndicatorItem id="b04877bc-7c89-41df-876b-90c57cdc78ea" condition="contains">
        <Context document="FileItem" search="FileItem/Sha1sum" type="mir"/>
        <Content type="sha1">b29e9611f081197f273c475c5d185d774b2ca3d2</Content>
      </IndicatorItem>
      <IndicatorItem id="51d6e568-95b4-4fa9-b765-4dacc2fecbc4" condition="contains">
        <Context document="FileItem" search="FileItem/Sha1sum" type="mir"/>
        <Content type="sha1">64b79c92388244a8145bb786ba5f6b7d168fe620</Content>
      </IndicatorItem>
      <IndicatorItem id="c9f1cde7-0ea6-4c19-8bb3-326783d251aa" condition="contains">
        <Context document="FileItem" search="FileItem/Sha1sum" type="mir"/>
        <Content type="sha1">ba8168c0b69d345098ebc1c3b7c90ca28097e4ff</Content>
      </IndicatorItem>
      <IndicatorItem id="8bb9415b-03ff-4841-bb03-955e5d305088" condition="contains">
        <Context document="DnsEntryItem" search="DnsEntryItem/Host" type="mir"/>
        <Content type="string">topic.buhgalter-info.com</Content>
      </IndicatorItem>
      <IndicatorItem id="977d2706-4986-40ce-aa22-d3fcb5986fc1" condition="contains">
        <Context document="DnsEntryItem" search="DnsEntryItem/Host" type="mir"/>
        <Content type="string">rss.mercurynews.biz</Content>
      </IndicatorItem>
      <IndicatorItem id="b46042fb-bd1e-4fe8-8e63-336253858c2c" condition="contains">
        <Context document="DnsEntryItem" search="DnsEntryItem/Host" type="mir"/>
        <Content type="string">balans2w.balans2.com</Content>
      </IndicatorItem>
      <IndicatorItem id="3c3a7229-fda1-4d16-b973-6de2a9d1ee16" condition="contains">
        <Context document="DnsEntryItem" search="DnsEntryItem/Host" type="mir"/>
        <Content type="string">forum.buhonline.info</Content>
      </IndicatorItem>
      <IndicatorItem id="e2a64a7e-249d-47e3-8565-d0540b23bb7e" condition="contains">
        <Context document="DnsEntryItem" search="DnsEntryItem/Host" type="mir"/>
        <Content type="string">store.kontur-expres.com</Content>
      </IndicatorItem>
      <IndicatorItem id="9f591250-4563-4bef-a619-d415d58ec9ef" condition="contains">
        <Context document="DnsEntryItem" search="DnsEntryItem/Host" type="mir"/>
        <Content type="string">help.b-kontur.org</Content>
      </IndicatorItem>
      <IndicatorItem id="e3f271bc-5027-46c6-9474-8659cbaacbee" condition="is">
        <Context document="PortItem" search="PortItem/remoteIP" type="mir"/>
        <Content type="IP">91.218.231.79</Content>
      </IndicatorItem>
    </Indicator>
  </definition>
</ioc>
