<?xml version='1.0' encoding='UTF-8'?>
<ioc xmlns:xsi="http://www.w3.org/2001/XMLSchema-instance" xmlns:xsd="http://www.w3.org/2001/XMLSchema" xmlns="http://schemas.mandiant.com/2010/ioc" id="1fce7b60-66d8-401c-acc2-9c1f79e4282c" last-modified="2016-07-10T09:35:50">
  <short_description>The CozyDuke APT</short_description>
  <description>The CozyDuke APT</description>
  <keywords/>
  <authored_by>AlienVault - Alienvault OTX</authored_by>
  <authored_date>2016-07-10T09:35:50</authored_date>
  <links>
    <link rel=""></link>
    <link rel="https://otx.alienvault.com/pulse/5537d81ab45ff54a30a4b5b5">https://otx.alienvault.com/pulse/5537d81ab45ff54a30a4b5b5</link>
  </links>
  <definition>
    <Indicator id="faa29438-9a8c-4318-8410-37334cdb2367" operator="OR">
      <IndicatorItem id="59bc7842-e404-4931-80ec-41bfa7419ec3" condition="contains">
        <Context document="FileItem" search="FileItem/Md5sum" type="mir"/>
        <Content type="md5">5d8835982d8bfc8b047eb47322436c8a</Content>
      </IndicatorItem>
      <IndicatorItem id="bf1ca28f-318d-4d8b-910b-81e2a1854bfb" condition="contains">
        <Context document="FileItem" search="FileItem/Md5sum" type="mir"/>
        <Content type="md5">2e0361fd73f60c76c69806205307ccac</Content>
      </IndicatorItem>
      <IndicatorItem id="7ab174cf-50d2-4f5a-b53b-e0540ccd1831" condition="contains">
        <Context document="FileItem" search="FileItem/Md5sum" type="mir"/>
        <Content type="md5">b5553645fe819a93aafe2894da13dae7</Content>
      </IndicatorItem>
      <IndicatorItem id="69dd9d71-ef2b-40c8-bdb7-ee5182d64a3a" condition="contains">
        <Context document="FileItem" search="FileItem/Md5sum" type="mir"/>
        <Content type="md5">f16dff8ec8702518471f637eb5313ab2</Content>
      </IndicatorItem>
      <IndicatorItem id="53167925-7406-4019-ba5c-ef8b9583a7fc" condition="contains">
        <Context document="FileItem" search="FileItem/Md5sum" type="mir"/>
        <Content type="md5">1a262a7bfecd981d7874633f41ea5de8</Content>
      </IndicatorItem>
      <IndicatorItem id="5755e927-40a6-4839-95c3-1da61e3d9a1f" condition="contains">
        <Context document="FileItem" search="FileItem/Md5sum" type="mir"/>
        <Content type="md5">90bd910ee161b71c7a37ac642f910059</Content>
      </IndicatorItem>
      <IndicatorItem id="22a533ea-fd89-44d6-b598-0a2eb6a9d79d" condition="contains">
        <Context document="FileItem" search="FileItem/Md5sum" type="mir"/>
        <Content type="md5">59704bc8bedef32709ab1128734aa846</Content>
      </IndicatorItem>
      <IndicatorItem id="711c51bb-b229-43cf-9040-dd5b4dffea63" condition="contains">
        <Context document="FileItem" search="FileItem/Md5sum" type="mir"/>
        <Content type="md5">d596827d48a3ff836545b3a999f2c3e3</Content>
      </IndicatorItem>
      <IndicatorItem id="9a0bc2b0-7111-456a-8c73-49e0b96c9b50" condition="contains">
        <Context document="FileItem" search="FileItem/Md5sum" type="mir"/>
        <Content type="md5">f58a4369b8176edbde4396dc977c9008</Content>
      </IndicatorItem>
      <IndicatorItem id="aa833ed5-3f0f-40bf-a33a-0588c98eac73" condition="contains">
        <Context document="FileItem" search="FileItem/Md5sum" type="mir"/>
        <Content type="md5">4152e79e3dbde55dcf3fc2014700a022</Content>
      </IndicatorItem>
      <IndicatorItem id="c9d95da1-23ea-4070-8484-931b87f9fca4" condition="contains">
        <Context document="FileItem" search="FileItem/Md5sum" type="mir"/>
        <Content type="md5">d7af9a4010c75af6756a603fd6aef5a4</Content>
      </IndicatorItem>
      <IndicatorItem id="a7d18f00-c80e-4876-8a16-26cce50c7b18" condition="contains">
        <Context document="FileItem" search="FileItem/Md5sum" type="mir"/>
        <Content type="md5">6761106f816313394a653db5172dc487</Content>
      </IndicatorItem>
      <IndicatorItem id="598edd65-dd5b-4f98-95d4-25bcef7bc482" condition="contains">
        <Context document="FileItem" search="FileItem/Md5sum" type="mir"/>
        <Content type="md5">9e3f3b5e9ece79102d257e8cf982e09e</Content>
      </IndicatorItem>
      <IndicatorItem id="5864ca0e-14a6-490b-b398-5679a0106a5b" condition="contains">
        <Context document="FileItem" search="FileItem/Md5sum" type="mir"/>
        <Content type="md5">3d3363598f87c78826c859077606e514</Content>
      </IndicatorItem>
      <IndicatorItem id="47a3e452-aee0-4f28-ad69-e19c0d9e3b0d" condition="contains">
        <Context document="FileItem" search="FileItem/Md5sum" type="mir"/>
        <Content type="md5">eb22b99d44223866e24872d80a4ddefd</Content>
      </IndicatorItem>
      <IndicatorItem id="98a03ab7-bf76-4f55-a792-05a674568132" condition="contains">
        <Context document="FileItem" search="FileItem/Md5sum" type="mir"/>
        <Content type="md5">f2b05e6b01be3b6cb14e9068e7a66fc1</Content>
      </IndicatorItem>
      <IndicatorItem id="caf3b961-7086-4dfd-938b-5753f3b17546" condition="contains">
        <Context document="FileItem" search="FileItem/Md5sum" type="mir"/>
        <Content type="md5">95b3ec0a4e539efaa1faa3d4e25d51de</Content>
      </IndicatorItem>
      <IndicatorItem id="1c0db577-afb4-4273-af71-5f13f05b26f5" condition="contains">
        <Context document="FileItem" search="FileItem/Md5sum" type="mir"/>
        <Content type="md5">7688be226b946e231e0cd36e6b708d20</Content>
      </IndicatorItem>
      <IndicatorItem id="46207587-65b1-4635-bc5b-9d401977b60f" condition="contains">
        <Context document="FileItem" search="FileItem/Md5sum" type="mir"/>
        <Content type="md5">1a42acbdb285a7fba17f95068822ea4e</Content>
      </IndicatorItem>
      <IndicatorItem id="1f9d606b-48cb-4a7e-82a8-b61d9297a59c" condition="contains">
        <Context document="FileItem" search="FileItem/Md5sum" type="mir"/>
        <Content type="md5">57a1f0658712ee7b3a724b6d07e97259</Content>
      </IndicatorItem>
      <IndicatorItem id="71ccae1c-0868-4d55-9cc7-e7de4590fce3" condition="contains">
        <Context document="FileItem" search="FileItem/Md5sum" type="mir"/>
        <Content type="md5">fd8e27f820bdbdf6cb80a46c67fd978a</Content>
      </IndicatorItem>
      <IndicatorItem id="843626d7-b2cc-4510-a6df-c529e0d63e56" condition="contains">
        <Context document="FileItem" search="FileItem/Md5sum" type="mir"/>
        <Content type="md5">d543904651b180fd5e4dc1584e639b5e</Content>
      </IndicatorItem>
      <IndicatorItem id="0eaeb932-74bf-4d25-bc52-776b54d93ce5" condition="contains">
        <Context document="FileItem" search="FileItem/Md5sum" type="mir"/>
        <Content type="md5">8670710bc9477431a01a576b6b5c1b2a</Content>
      </IndicatorItem>
      <IndicatorItem id="0143bc82-c301-4dbe-ad8e-4bcc8d3889f2" condition="contains">
        <Context document="FileItem" search="FileItem/Md5sum" type="mir"/>
        <Content type="md5">7f6bca4f08c63e597bed969f5b729c56</Content>
      </IndicatorItem>
      <IndicatorItem id="a73e8a63-65a8-4383-8c21-fde056f550c0" condition="contains">
        <Context document="FileItem" search="FileItem/Md5sum" type="mir"/>
        <Content type="md5">9ad55b83f2eec0c19873a770b0c86a2f</Content>
      </IndicatorItem>
      <IndicatorItem id="66e77eb6-bfa6-4d62-954c-df80f5270849" condition="contains">
        <Context document="FileItem" search="FileItem/Md5sum" type="mir"/>
        <Content type="md5">83f57f0116a3b3d69ef7b1dbe9943801</Content>
      </IndicatorItem>
      <IndicatorItem id="6de505a4-a00f-4677-98d4-c6aa870a8827" condition="contains">
        <Context document="FileItem" search="FileItem/Md5sum" type="mir"/>
        <Content type="md5">a5d6ad8ad82c266fda96e076335a5080</Content>
      </IndicatorItem>
      <IndicatorItem id="a0ba497f-8487-4f3c-b3c3-4edbe4631a05" condition="contains">
        <Context document="FileItem" search="FileItem/Md5sum" type="mir"/>
        <Content type="md5">2aabd78ef11926d7b562fd0d91e68ad3</Content>
      </IndicatorItem>
      <IndicatorItem id="40ebb8da-457e-4f9c-9bdf-7ee454a9c984" condition="contains">
        <Context document="FileItem" search="FileItem/Md5sum" type="mir"/>
        <Content type="md5">e0b6f0d368c81a0fb197774d0072f759</Content>
      </IndicatorItem>
      <IndicatorItem id="637fdc2e-2112-4983-8a8b-e3a6910f0fee" condition="contains">
        <Context document="FileItem" search="FileItem/Md5sum" type="mir"/>
        <Content type="md5">93176df76e351b3ea829e0e6c6832bdf</Content>
      </IndicatorItem>
      <IndicatorItem id="0353bbfa-cc19-411f-9202-cb23d955977a" condition="contains">
        <Context document="FileItem" search="FileItem/Md5sum" type="mir"/>
        <Content type="md5">acffb2823fc655637657dcbd25f35af8</Content>
      </IndicatorItem>
      <IndicatorItem id="95792749-36da-4b01-9099-fdc4529bbf3e" condition="contains">
        <Context document="FileItem" search="FileItem/Md5sum" type="mir"/>
        <Content type="md5">08709ef0e3d467ce843af4deb77d74d5</Content>
      </IndicatorItem>
      <IndicatorItem id="0d9bf954-9462-44be-88ed-fda5700c9096" condition="contains">
        <Context document="FileItem" search="FileItem/Md5sum" type="mir"/>
        <Content type="md5">68271df868f462c06e24a896a9494225</Content>
      </IndicatorItem>
      <IndicatorItem id="da467c6b-98af-44c3-8d27-3af039bd3154" condition="contains">
        <Context document="FileItem" search="FileItem/Md5sum" type="mir"/>
        <Content type="md5">98a6484533fa12a9ba6b1bd9df1899dc</Content>
      </IndicatorItem>
      <IndicatorItem id="7239e11b-0f54-4024-b4f9-e773c56cc568" condition="contains">
        <Context document="FileItem" search="FileItem/Md5sum" type="mir"/>
        <Content type="md5">c8eb6040fd02d77660d19057a38ff769</Content>
      </IndicatorItem>
      <IndicatorItem id="f6eb3f24-08ce-439f-b9f8-325c99fd72e3" condition="contains">
        <Context document="FileItem" search="FileItem/Md5sum" type="mir"/>
        <Content type="md5">62c4ce93050e48d623569c7dcc4d0278</Content>
      </IndicatorItem>
      <IndicatorItem id="e92c3ccd-0b8c-4409-bca4-5e1b7abc14b0" condition="contains">
        <Context document="FileItem" search="FileItem/Md5sum" type="mir"/>
        <Content type="md5">bc626c8f11ed753f33ad1c0fe848d898</Content>
      </IndicatorItem>
      <IndicatorItem id="3112e2a0-2007-4afb-b95d-24dc425a3119" condition="is">
        <Context document="PortItem" search="PortItem/remoteIP" type="mir"/>
        <Content type="IP">203.156.161.49</Content>
      </IndicatorItem>
      <IndicatorItem id="17cb67bf-f9eb-492f-9185-0f0fa5614116" condition="is">
        <Context document="PortItem" search="PortItem/remoteIP" type="mir"/>
        <Content type="IP">201.76.51.10</Content>
      </IndicatorItem>
      <IndicatorItem id="0d41c5d5-8be3-4718-a3d2-ce77e73983ce" condition="is">
        <Context document="PortItem" search="PortItem/remoteIP" type="mir"/>
        <Content type="IP">202.76.237.216</Content>
      </IndicatorItem>
      <IndicatorItem id="7fec72ea-e502-411f-9bfe-535c226f3b28" condition="is">
        <Context document="PortItem" search="PortItem/remoteIP" type="mir"/>
        <Content type="IP">209.40.72.2</Content>
      </IndicatorItem>
      <IndicatorItem id="6e9f5a96-867c-4c86-99e3-3ed9324535ce" condition="is">
        <Context document="PortItem" search="PortItem/remoteIP" type="mir"/>
        <Content type="IP">202.206.232.20</Content>
      </IndicatorItem>
      <IndicatorItem id="30cbea63-36c0-4e5e-a593-0005df7fc330" condition="is">
        <Context document="PortItem" search="PortItem/remoteIP" type="mir"/>
        <Content type="IP">210.59.2.20</Content>
      </IndicatorItem>
      <IndicatorItem id="149fff27-db4a-422d-a3b1-43527c7976b0" condition="is">
        <Context document="PortItem" search="PortItem/remoteIP" type="mir"/>
        <Content type="IP">209.200.83.43</Content>
      </IndicatorItem>
      <IndicatorItem id="b232a6bf-930a-4961-8dfb-99578cf85ced" condition="is">
        <Context document="PortItem" search="PortItem/remoteIP" type="mir"/>
        <Content type="IP">208.75.241.246</Content>
      </IndicatorItem>
      <IndicatorItem id="87245977-6891-4d55-bf43-e9796dc31060" condition="is">
        <Context document="PortItem" search="PortItem/remoteIP" type="mir"/>
        <Content type="IP">121.193.130.170</Content>
      </IndicatorItem>
      <IndicatorItem id="c27bbbfe-8d4f-4639-aed4-ec20b64962c8" condition="is">
        <Context document="PortItem" search="PortItem/remoteIP" type="mir"/>
        <Content type="IP">200.119.128.45</Content>
      </IndicatorItem>
      <IndicatorItem id="3dae87a6-0988-4278-bbd0-a1e475d72954" condition="is">
        <Context document="PortItem" search="PortItem/remoteIP" type="mir"/>
        <Content type="IP">183.78.169.5</Content>
      </IndicatorItem>
      <IndicatorItem id="9ec46251-49fb-4332-8084-1c14c6a5de4f" condition="is">
        <Context document="PortItem" search="PortItem/remoteIP" type="mir"/>
        <Content type="IP">200.125.133.28</Content>
      </IndicatorItem>
      <IndicatorItem id="7e20ea11-3e61-4c88-a7cc-9a5700a80d8a" condition="is">
        <Context document="PortItem" search="PortItem/remoteIP" type="mir"/>
        <Content type="IP">200.125.142.11</Content>
      </IndicatorItem>
      <IndicatorItem id="1423b509-5a9d-4a28-8d45-bb1d8e99c492" condition="is">
        <Context document="PortItem" search="PortItem/remoteIP" type="mir"/>
        <Content type="IP">208.77.177.24</Content>
      </IndicatorItem>
    </Indicator>
  </definition>
</ioc>
