<?xml version='1.0' encoding='UTF-8'?>
<ioc xmlns:xsi="http://www.w3.org/2001/XMLSchema-instance" xmlns:xsd="http://www.w3.org/2001/XMLSchema" xmlns="http://schemas.mandiant.com/2010/ioc" id="00f74cf7-6f37-4142-8439-ecc693acc04f" last-modified="2016-07-10T09:32:51">
  <short_description>Grabit and the RATs</short_description>
  <description>Grabit and the RATs</description>
  <keywords/>
  <authored_by>AlienVault - Alienvault OTX</authored_by>
  <authored_date>2016-07-10T09:32:51</authored_date>
  <links>
    <link rel="https://securelist.com/blog/research/70087/grabit-and-the-rats/">https://securelist.com/blog/research/70087/grabit-and-the-rats/</link>
    <link rel="https://otx.alienvault.com/pulse/5567543db45ff5037f003f9d">https://otx.alienvault.com/pulse/5567543db45ff5037f003f9d</link>
  </links>
  <definition>
    <Indicator id="1eaf0124-32b5-47c1-b33b-22b63be317be" operator="OR">
      <IndicatorItem id="cbe1ba57-79cf-4f8a-b9d6-564fff52a53b" condition="contains">
        <Context document="FileItem" search="FileItem/Sha256sum" type="mir"/>
        <Content type="sha256">710960677066beba4db33a62e59d069676ffce4a01e63dc968ad7446158f55d6</Content>
      </IndicatorItem>
      <IndicatorItem id="d3833af3-0cd3-4ab7-bb3b-221a4189de8c" condition="contains">
        <Context document="FileItem" search="FileItem/Sha256sum" type="mir"/>
        <Content type="sha256">9b48a2e82d8a82c1717f135fa750ba774403e972b6edb2a522f9870bed57e72a</Content>
      </IndicatorItem>
      <IndicatorItem id="df11566d-d12b-4871-ba26-57241f308a1d" condition="contains">
        <Context document="FileItem" search="FileItem/Sha256sum" type="mir"/>
        <Content type="sha256">3928ea510a114ad0411a3528cd894f6b65f59e3d52532d3e0c35157b1de27651</Content>
      </IndicatorItem>
      <IndicatorItem id="082b2684-2810-42d1-a005-deb92c8493db" condition="contains">
        <Context document="FileItem" search="FileItem/Sha256sum" type="mir"/>
        <Content type="sha256">ea57da38870f0460f526b8504b5f4f1af3ee490ba8acfde4ad781a4e206a3d27</Content>
      </IndicatorItem>
      <IndicatorItem id="c9ac0c07-e729-4c16-9164-62a22995652a" condition="contains">
        <Context document="FileItem" search="FileItem/Sha256sum" type="mir"/>
        <Content type="sha256">7f0c4d3644fdcd8ac5bc2e007bb5c3e9eab56a3d2d470bb796af88125cd74ac9</Content>
      </IndicatorItem>
      <IndicatorItem id="98b0ebc9-989c-46c1-b09c-bc980f756f68" condition="contains">
        <Context document="FileItem" search="FileItem/Sha256sum" type="mir"/>
        <Content type="sha256">26c6167dfcb7cda40621a952eac03b87a2f0dff1769ab9d09dafd09edc1a4c29</Content>
      </IndicatorItem>
      <IndicatorItem id="8fc34921-185b-4911-82f2-2a476112240a" condition="contains">
        <Context document="FileItem" search="FileItem/Sha256sum" type="mir"/>
        <Content type="sha256">1948f57cad96d37df95da2ee0057dd91dd4a9a67153efc278aa0736113f969e5</Content>
      </IndicatorItem>
      <IndicatorItem id="08a61dba-608d-422c-9a27-7c1b73476b7c" condition="contains">
        <Context document="FileItem" search="FileItem/Sha256sum" type="mir"/>
        <Content type="sha256">2049352f94a75978761a5367b01d486283aab1b7b94df7b08cf856f92352166b</Content>
      </IndicatorItem>
      <IndicatorItem id="8391b9e5-d07b-4f92-a349-ed606479692a" condition="contains">
        <Context document="FileItem" search="FileItem/Sha256sum" type="mir"/>
        <Content type="sha256">1d15003732430c004997f0df7cac7749ae10f992bea217a8da84e1c957143b1c</Content>
      </IndicatorItem>
      <IndicatorItem id="bd3eaa40-fbb7-4faa-a810-f6630f8c134d" condition="contains">
        <Context document="FileItem" search="FileItem/Sha256sum" type="mir"/>
        <Content type="sha256">0b96811e4f4cfaa57fe47ebc369fdac7dfb4a900a2af8a07a7b3f513eb3e0dfa</Content>
      </IndicatorItem>
      <IndicatorItem id="d4cca009-75a6-4c81-845f-0ab725913c38" condition="contains">
        <Context document="FileItem" search="FileItem/Sha256sum" type="mir"/>
        <Content type="sha256">7371983a64ef9389bf3bfa8d2abacd3a909d13c3ee8b53cccf437026d5925df5</Content>
      </IndicatorItem>
      <IndicatorItem id="72b6552f-bfc3-4b03-a0ce-a3893b7f750a" condition="contains">
        <Context document="FileItem" search="FileItem/Sha256sum" type="mir"/>
        <Content type="sha256">78970883afe52e4ee846f4a7cf75b569f6e5a8e7a830d69358a8b33d186d6fec</Content>
      </IndicatorItem>
      <IndicatorItem id="1a305e28-febf-4438-8758-20c51765a52a" condition="contains">
        <Context document="FileItem" search="FileItem/Sha256sum" type="mir"/>
        <Content type="sha256">76ba61e510a340f8751e46449a7d857a2d242bd4724d0d040b060137ab5fb31a</Content>
      </IndicatorItem>
      <IndicatorItem id="3988a3f3-4093-4be1-8300-1bbb532bfb28" condition="contains">
        <Context document="FileItem" search="FileItem/Sha256sum" type="mir"/>
        <Content type="sha256">2e4507ff9e490f9137b73229cb0cd7b04b4dd88637890059eb1b90a757e99bcf</Content>
      </IndicatorItem>
      <IndicatorItem id="8fbd930e-023e-4a96-b453-00515f246c12" condition="contains">
        <Context document="FileItem" search="FileItem/Sha256sum" type="mir"/>
        <Content type="sha256">7c8c3247ffeb269dbf840c7648e9bfaa8cf3d375a03066b57773c48de2b6d477</Content>
      </IndicatorItem>
      <IndicatorItem id="12a0a2a6-09bc-4c49-bbe2-0b41b87e2e85" condition="contains">
        <Context document="FileItem" search="FileItem/Sha1sum" type="mir"/>
        <Content type="sha1">3f77403a64a2dde60c4962a6752de601d56a621a</Content>
      </IndicatorItem>
      <IndicatorItem id="6c65549c-10ac-4217-9ba0-d03c443cb644" condition="contains">
        <Context document="FileItem" search="FileItem/Sha1sum" type="mir"/>
        <Content type="sha1">4e7765f3bf73aec6e350f412b623c23d37964dfc</Content>
      </IndicatorItem>
      <IndicatorItem id="d62aa830-88bb-43ad-a190-cef722c974d0" condition="is">
        <Context document="PortItem" search="PortItem/remoteIP" type="mir"/>
        <Content type="IP">31.220.16.147</Content>
      </IndicatorItem>
      <IndicatorItem id="1bfbecd0-5792-43e6-973a-e2e118c0dd40" condition="is">
        <Context document="PortItem" search="PortItem/remoteIP" type="mir"/>
        <Content type="IP">112.209.76.184</Content>
      </IndicatorItem>
      <IndicatorItem id="a32c543a-e282-4155-b014-c35e06fe48ef" condition="is">
        <Context document="PortItem" search="PortItem/remoteIP" type="mir"/>
        <Content type="IP">128.90.15.98</Content>
      </IndicatorItem>
      <IndicatorItem id="ae73fac2-0579-4b94-be3d-5b33a3468ca7" condition="is">
        <Context document="PortItem" search="PortItem/remoteIP" type="mir"/>
        <Content type="IP">208.91.199.223</Content>
      </IndicatorItem>
      <IndicatorItem id="d1f03f5c-207b-4600-ae75-6d706254d5ff" condition="is">
        <Context document="PortItem" search="PortItem/remoteIP" type="mir"/>
        <Content type="IP">204.152.219.78</Content>
      </IndicatorItem>
      <IndicatorItem id="030d1252-5b2f-4f97-80c2-c8122c55a0cc" condition="is">
        <Context document="PortItem" search="PortItem/remoteIP" type="mir"/>
        <Content type="IP">185.28.21.35</Content>
      </IndicatorItem>
      <IndicatorItem id="23db5287-b431-4ecf-bdf5-bd3783ab73e6" condition="is">
        <Context document="PortItem" search="PortItem/remoteIP" type="mir"/>
        <Content type="IP">193.0.200.136</Content>
      </IndicatorItem>
      <IndicatorItem id="84d3ef0c-e61e-4c1d-ba68-fe96ee1ec055" condition="is">
        <Context document="PortItem" search="PortItem/remoteIP" type="mir"/>
        <Content type="IP">185.28.21.32</Content>
      </IndicatorItem>
      <IndicatorItem id="88101627-9047-4c45-97c4-739c3053b2aa" condition="is">
        <Context document="PortItem" search="PortItem/remoteIP" type="mir"/>
        <Content type="IP">31.170.163.242</Content>
      </IndicatorItem>
      <IndicatorItem id="0a9d9a0b-f0b8-4d2a-96b2-34590e940233" condition="is">
        <Context document="PortItem" search="PortItem/remoteIP" type="mir"/>
        <Content type="IP">185.77.128.65</Content>
      </IndicatorItem>
    </Indicator>
  </definition>
</ioc>
