<?xml version='1.0' encoding='UTF-8'?>
<ioc xmlns:xsi="http://www.w3.org/2001/XMLSchema-instance" xmlns:xsd="http://www.w3.org/2001/XMLSchema" xmlns="http://schemas.mandiant.com/2010/ioc" id="022e7a66-a8bb-4058-8eee-cd92d85cd715" last-modified="2016-07-10T09:28:33">
  <short_description>Operation Dust Storm</short_description>
  <description>Operation Dust Storm</description>
  <keywords/>
  <authored_by>AlienVault - Alienvault OTX</authored_by>
  <authored_date>2016-07-10T09:28:33</authored_date>
  <links>
    <link rel="https://www.cylance.com/hubfs/2015_cylance_website/assets/operation-dust-storm/Op_Dust_Storm_Report.pdf?t=1456244940728">https://www.cylance.com/hubfs/2015_cylance_website/assets/operation-dust-storm/Op_Dust_Storm_Report.pdf?t=1456244940728</link>
    <link rel="https://otx.alienvault.com/pulse/56cc9cef67db8c5860d25aef">https://otx.alienvault.com/pulse/56cc9cef67db8c5860d25aef</link>
  </links>
  <definition>
    <Indicator id="3e3ddf7c-07ba-4851-b88d-88ae0ef8c5e0" operator="OR">
      <IndicatorItem id="31651a71-a255-466f-82fc-5337ca62f332" condition="contains">
        <Context document="FileItem" search="FileItem/Sha256sum" type="mir"/>
        <Content type="sha256">b4405f0caff1b786612aabbaa7431993f44c83a2c8f8c0946a980da9c0c09156</Content>
      </IndicatorItem>
      <IndicatorItem id="b5b02ea8-1903-4d5e-be8b-672357fba69d" condition="contains">
        <Context document="FileItem" search="FileItem/Sha256sum" type="mir"/>
        <Content type="sha256">93c1c7a666833f5f68d2315dc014dc6c2446c91c848130e228e84376b0aaf441</Content>
      </IndicatorItem>
      <IndicatorItem id="13afb4ab-1041-4bd5-90ad-b69a77eda848" condition="contains">
        <Context document="FileItem" search="FileItem/Sha256sum" type="mir"/>
        <Content type="sha256">38238f14d63d14075824cc9afd9a3b84df9b9c2f1408ac440458196a9e690db6</Content>
      </IndicatorItem>
      <IndicatorItem id="e9e4f6f3-42eb-45d2-8215-517333703284" condition="contains">
        <Context document="FileItem" search="FileItem/Sha256sum" type="mir"/>
        <Content type="sha256">83399bd0e09b2c2886a58890bbbf6a8d4e6cd3aa32b091045dd6739c637acfd5</Content>
      </IndicatorItem>
      <IndicatorItem id="4f5ab7f1-09aa-4c0f-892c-1328dc1e5d40" condition="contains">
        <Context document="FileItem" search="FileItem/Sha256sum" type="mir"/>
        <Content type="sha256">580c7ed2b624a0dfa749909d3e11070465bd310663d30fb6fe3532ad45d57b8a</Content>
      </IndicatorItem>
      <IndicatorItem id="f18f9704-fc65-40a5-a9d9-c065c0b8657f" condition="contains">
        <Context document="FileItem" search="FileItem/Sha256sum" type="mir"/>
        <Content type="sha256">74ff3b246fde30bb3c14483279d4b00312038957e3956bf8682362044ddccf42</Content>
      </IndicatorItem>
      <IndicatorItem id="c068137e-9a4e-40de-87b6-8a8604e19255" condition="contains">
        <Context document="FileItem" search="FileItem/Sha256sum" type="mir"/>
        <Content type="sha256">8cf3152169f3d7e05734b6b562752a00d566c4ea830c455ea094fa19dec4423c</Content>
      </IndicatorItem>
      <IndicatorItem id="64187543-30e6-47f1-bf90-c3f3232e18bc" condition="contains">
        <Context document="FileItem" search="FileItem/Sha256sum" type="mir"/>
        <Content type="sha256">4241a9371023e7452475117ff1fcd67262dab56bf1943b5e0c73ff2b2e41f876</Content>
      </IndicatorItem>
      <IndicatorItem id="4acbca70-cdf0-498e-a87c-87740058d2d1" condition="contains">
        <Context document="FileItem" search="FileItem/Sha256sum" type="mir"/>
        <Content type="sha256">63bd3f80387e3f2c7130bc3b36474c24edca4f063161b25bfe0c90b378b9c19c</Content>
      </IndicatorItem>
      <IndicatorItem id="00e1659a-7141-49c2-a05f-5596b357a347" condition="contains">
        <Context document="FileItem" search="FileItem/Sha256sum" type="mir"/>
        <Content type="sha256">b1aed59dc59a4ef4c7d2b6e67983e4867e04ba35c42372eb3b6ad969bd6a6041</Content>
      </IndicatorItem>
      <IndicatorItem id="23188cd1-e1cf-476d-aeee-6170e15cedde" condition="contains">
        <Context document="FileItem" search="FileItem/Sha256sum" type="mir"/>
        <Content type="sha256">85b80ed2aa871257f293a074d80eb64a621ec74ec70c0cf1703f5f5adab23a67</Content>
      </IndicatorItem>
      <IndicatorItem id="64767d55-33f5-4f67-a28e-2bf943caaab9" condition="contains">
        <Context document="FileItem" search="FileItem/Sha256sum" type="mir"/>
        <Content type="sha256">2978c6cfff1754c85a4a22b6a72dc9e60b596b54e65ed5ab2c80b8bc259ca5dc</Content>
      </IndicatorItem>
      <IndicatorItem id="4b9a67c8-5949-4cba-a1b2-ab7798c63e3a" condition="contains">
        <Context document="FileItem" search="FileItem/Sha256sum" type="mir"/>
        <Content type="sha256">73bc9650ab7871340ef1a6f68dfa71a6502b9d9bee85181666da17a63a74178a</Content>
      </IndicatorItem>
      <IndicatorItem id="684cb6c9-d686-4f12-a196-a369a511f75a" condition="contains">
        <Context document="FileItem" search="FileItem/Sha256sum" type="mir"/>
        <Content type="sha256">861edc857e53ff072947c2befc3c372c9a954a7de5c48c53b99c64ff99b69dbd</Content>
      </IndicatorItem>
      <IndicatorItem id="ab674911-e44d-4d48-8be1-b648c9e30025" condition="contains">
        <Context document="DnsEntryItem" search="DnsEntryItem/Host" type="mir"/>
        <Content type="string">sslmails.com</Content>
      </IndicatorItem>
      <IndicatorItem id="177bf196-c9ba-4e73-8223-514b0eed328b" condition="contains">
        <Context document="DnsEntryItem" search="DnsEntryItem/Host" type="mir"/>
        <Content type="string">xkgs.sfcorporation.com</Content>
      </IndicatorItem>
      <IndicatorItem id="804c2712-f394-46a1-bead-d91418572f57" condition="contains">
        <Context document="DnsEntryItem" search="DnsEntryItem/Host" type="mir"/>
        <Content type="string">music.sfcorporation.com</Content>
      </IndicatorItem>
      <IndicatorItem id="801739bd-b73d-45dd-beec-222048874223" condition="contains">
        <Context document="DnsEntryItem" search="DnsEntryItem/Host" type="mir"/>
        <Content type="string">microses.9966.org</Content>
      </IndicatorItem>
      <IndicatorItem id="b7d15685-c139-43e0-aa0b-b559ee3a6fcd" condition="contains">
        <Context document="DnsEntryItem" search="DnsEntryItem/Host" type="mir"/>
        <Content type="string">blog.sfcorporation.com</Content>
      </IndicatorItem>
      <IndicatorItem id="62c28632-f497-46d7-9704-0570fd0266e9" condition="contains">
        <Context document="DnsEntryItem" search="DnsEntryItem/Host" type="mir"/>
        <Content type="string">update.adobeus.com</Content>
      </IndicatorItem>
      <IndicatorItem id="cf54dc1b-3d11-485e-a79d-2c57db54058f" condition="contains">
        <Context document="DnsEntryItem" search="DnsEntryItem/Host" type="mir"/>
        <Content type="string">kb1gs.sfcorporation.com</Content>
      </IndicatorItem>
      <IndicatorItem id="b4eb7137-456e-48d2-97b1-2e06f018a635" condition="contains">
        <Context document="DnsEntryItem" search="DnsEntryItem/Host" type="mir"/>
        <Content type="string">bdt.wordoscorp.com</Content>
      </IndicatorItem>
      <IndicatorItem id="e89fcc87-de82-408e-afca-072451fedc27" condition="contains">
        <Context document="DnsEntryItem" search="DnsEntryItem/Host" type="mir"/>
        <Content type="string">hglg.wordoscorp.com</Content>
      </IndicatorItem>
      <IndicatorItem id="8b88cabe-0baf-4fa5-965a-7b978a65dab4" condition="contains">
        <Context document="DnsEntryItem" search="DnsEntryItem/Host" type="mir"/>
        <Content type="string">1stone.zapto.org</Content>
      </IndicatorItem>
      <IndicatorItem id="6739f3c8-644c-44da-a7aa-e493c760be12" condition="contains">
        <Context document="DnsEntryItem" search="DnsEntryItem/Host" type="mir"/>
        <Content type="string">web.sfcorporation.com</Content>
      </IndicatorItem>
      <IndicatorItem id="0996bace-425c-4dde-b582-17e9b3aca5cb" condition="contains">
        <Context document="DnsEntryItem" search="DnsEntryItem/Host" type="mir"/>
        <Content type="string">news.elecarrow.com</Content>
      </IndicatorItem>
      <IndicatorItem id="0ec417f5-dd5c-4973-ba72-7efa2d70293c" condition="contains">
        <Context document="DnsEntryItem" search="DnsEntryItem/Host" type="mir"/>
        <Content type="string">imnothk.8800.org</Content>
      </IndicatorItem>
      <IndicatorItem id="db852337-801f-4eeb-85d0-0c8845347906" condition="contains">
        <Context document="DnsEntryItem" search="DnsEntryItem/Host" type="mir"/>
        <Content type="string">bfym2.amazonwikis.com</Content>
      </IndicatorItem>
      <IndicatorItem id="2503be9a-56a6-45c8-b2fc-30b9dd2f043d" condition="contains">
        <Context document="DnsEntryItem" search="DnsEntryItem/Host" type="mir"/>
        <Content type="string">d2ch.sfcorporation.com</Content>
      </IndicatorItem>
      <IndicatorItem id="932cfbac-79e9-41f0-b1d3-2d92b2e6538f" condition="contains">
        <Context document="DnsEntryItem" search="DnsEntryItem/Host" type="mir"/>
        <Content type="string">ziper.imbbs.in</Content>
      </IndicatorItem>
      <IndicatorItem id="ed4fb015-d892-42e6-9840-a5d203aaa13f" condition="contains">
        <Context document="DnsEntryItem" search="DnsEntryItem/Host" type="mir"/>
        <Content type="string">rbxr.tomshardpc.com</Content>
      </IndicatorItem>
      <IndicatorItem id="572a10e6-59a7-452e-8c7b-e2a642fbff88" condition="contains">
        <Context document="DnsEntryItem" search="DnsEntryItem/Host" type="mir"/>
        <Content type="string">down.adobeus.com</Content>
      </IndicatorItem>
      <IndicatorItem id="dc216c2e-0638-4697-9903-ae5381f1d4f3" condition="contains">
        <Context document="DnsEntryItem" search="DnsEntryItem/Host" type="mir"/>
        <Content type="string">vod.amazonwikis.com</Content>
      </IndicatorItem>
      <IndicatorItem id="a338e32a-b3eb-4190-b0ec-d79729887be6" condition="contains">
        <Context document="DnsEntryItem" search="DnsEntryItem/Host" type="mir"/>
        <Content type="string">net.amazonwikis.com</Content>
      </IndicatorItem>
      <IndicatorItem id="c5d7ea0d-ebba-4ed9-aa34-c3162984c931" condition="contains">
        <Context document="DnsEntryItem" search="DnsEntryItem/Host" type="mir"/>
        <Content type="string">bygs.sfcorporation.com</Content>
      </IndicatorItem>
      <IndicatorItem id="d1fffd07-3265-4cb2-be8e-3f65f38edcab" condition="contains">
        <Context document="DnsEntryItem" search="DnsEntryItem/Host" type="mir"/>
        <Content type="string">mesdata.8866.org</Content>
      </IndicatorItem>
      <IndicatorItem id="0c94e96c-30d7-441a-83f8-3c13ea1d7b34" condition="contains">
        <Context document="DnsEntryItem" search="DnsEntryItem/Host" type="mir"/>
        <Content type="string">vod.sfcorporation.com</Content>
      </IndicatorItem>
      <IndicatorItem id="7315e851-bbf8-41c9-8ce1-438cf8845f5e" condition="contains">
        <Context document="DnsEntryItem" search="DnsEntryItem/Host" type="mir"/>
        <Content type="string">guhk.moviestops.com</Content>
      </IndicatorItem>
      <IndicatorItem id="db297d2f-603a-40cf-aaad-a301802fc21f" condition="contains">
        <Context document="DnsEntryItem" search="DnsEntryItem/Host" type="mir"/>
        <Content type="string">ygfk.sfcorporation.com</Content>
      </IndicatorItem>
      <IndicatorItem id="0c525af0-9ac0-48dd-b9a6-a3d3b84fecdc" condition="contains">
        <Context document="DnsEntryItem" search="DnsEntryItem/Host" type="mir"/>
        <Content type="string">js.amazonwikis.com</Content>
      </IndicatorItem>
      <IndicatorItem id="87e04a70-092b-4c91-92c9-5dc3eb1ce26d" condition="contains">
        <Context document="DnsEntryItem" search="DnsEntryItem/Host" type="mir"/>
        <Content type="string">rjjh.wordoscorp.com</Content>
      </IndicatorItem>
      <IndicatorItem id="58e1234b-08a1-4ee3-a64e-9cbedb89e059" condition="contains">
        <Context document="DnsEntryItem" search="DnsEntryItem/Host" type="mir"/>
        <Content type="string">login.wih365.com</Content>
      </IndicatorItem>
      <IndicatorItem id="70e3f764-0797-4faa-abf1-abfa4b6ec2e2" condition="contains">
        <Context document="DnsEntryItem" search="DnsEntryItem/Host" type="mir"/>
        <Content type="string">blog.amazonwikis.com</Content>
      </IndicatorItem>
      <IndicatorItem id="5315b551-bd32-4e6f-befa-b15726da2374" condition="contains">
        <Context document="DnsEntryItem" search="DnsEntryItem/Host" type="mir"/>
        <Content type="string">wed.amazonwikis.com</Content>
      </IndicatorItem>
      <IndicatorItem id="c5e29504-a068-4ae8-9882-d3631043f321" condition="contains">
        <Context document="DnsEntryItem" search="DnsEntryItem/Host" type="mir"/>
        <Content type="string">showshow.7766.org</Content>
      </IndicatorItem>
      <IndicatorItem id="20010a3b-fafa-4b5e-8b2b-9a56ec7c1d01" condition="contains">
        <Context document="DnsEntryItem" search="DnsEntryItem/Host" type="mir"/>
        <Content type="string">gde.moviestops.com</Content>
      </IndicatorItem>
      <IndicatorItem id="e95563ba-bff5-49cb-9459-5863f8cdf97e" condition="contains">
        <Context document="DnsEntryItem" search="DnsEntryItem/Host" type="mir"/>
        <Content type="string">news.amazonwikis.com</Content>
      </IndicatorItem>
      <IndicatorItem id="8a2136f3-6d97-4979-a071-da1019823e2d" condition="contains">
        <Context document="DnsEntryItem" search="DnsEntryItem/Host" type="mir"/>
        <Content type="string">tech.amazonwikis.com</Content>
      </IndicatorItem>
      <IndicatorItem id="15872906-3153-4fdf-9f8a-1b389b3e5c22" condition="contains">
        <Context document="DnsEntryItem" search="DnsEntryItem/Host" type="mir"/>
        <Content type="string">yahoo.gmnspace.com</Content>
      </IndicatorItem>
      <IndicatorItem id="9178513b-bd14-4121-bbc4-3769cca2460a" condition="contains">
        <Context document="DnsEntryItem" search="DnsEntryItem/Host" type="mir"/>
        <Content type="string">yqby.wordoscorp.com</Content>
      </IndicatorItem>
      <IndicatorItem id="9f51c2b8-9677-43d6-a5ad-4087cebe9b8c" condition="contains">
        <Context document="DnsEntryItem" search="DnsEntryItem/Host" type="mir"/>
        <Content type="string">test.uuvod.net</Content>
      </IndicatorItem>
      <IndicatorItem id="627977f3-dbb4-4186-bfc4-a8114550a978" condition="contains">
        <Context document="DnsEntryItem" search="DnsEntryItem/Host" type="mir"/>
        <Content type="string">tqsj.sfcorporation.com</Content>
      </IndicatorItem>
      <IndicatorItem id="168ae8e9-a461-4ebb-a73b-9aa08606cf94" condition="contains">
        <Context document="DnsEntryItem" search="DnsEntryItem/Host" type="mir"/>
        <Content type="string">jiaoshow.9966.org</Content>
      </IndicatorItem>
      <IndicatorItem id="d204fa54-5914-4dc0-bf7f-990c4a5badb6" condition="contains">
        <Context document="DnsEntryItem" search="DnsEntryItem/Host" type="mir"/>
        <Content type="string">home.sfcorporation.com</Content>
      </IndicatorItem>
      <IndicatorItem id="17292d65-a0e8-4f51-91ac-39aeb6e7c3f6" condition="contains">
        <Context document="DnsEntryItem" search="DnsEntryItem/Host" type="mir"/>
        <Content type="string">kersperskey.8800.org</Content>
      </IndicatorItem>
      <IndicatorItem id="96031822-da5e-426d-bbc7-0e2fa63ea25c" condition="contains">
        <Context document="DnsEntryItem" search="DnsEntryItem/Host" type="mir"/>
        <Content type="string">b3fk.sfcorporation.com</Content>
      </IndicatorItem>
      <IndicatorItem id="4f6853d5-c4b1-40eb-8311-753ded8a24b8" condition="contains">
        <Context document="DnsEntryItem" search="DnsEntryItem/Host" type="mir"/>
        <Content type="string">sybf.adobeus.com</Content>
      </IndicatorItem>
      <IndicatorItem id="15310ff9-b853-4067-8f0c-842bcd942115" condition="contains">
        <Context document="DnsEntryItem" search="DnsEntryItem/Host" type="mir"/>
        <Content type="string">sane.adobeus.com</Content>
      </IndicatorItem>
      <IndicatorItem id="3e0cc927-9f05-47c5-b8bf-80aae8ed60e2" condition="contains">
        <Context document="DnsEntryItem" search="DnsEntryItem/Host" type="mir"/>
        <Content type="string">hkmj.amazonwikis.com</Content>
      </IndicatorItem>
      <IndicatorItem id="0c13569f-7929-49da-8ebe-b754265c7085" condition="contains">
        <Context document="DnsEntryItem" search="DnsEntryItem/Host" type="mir"/>
        <Content type="string">mailxss.9966.org</Content>
      </IndicatorItem>
      <IndicatorItem id="d139ccc3-e7f9-40da-894b-3a4144965845" condition="contains">
        <Context document="DnsEntryItem" search="DnsEntryItem/Host" type="mir"/>
        <Content type="string">10bfym.8800.org</Content>
      </IndicatorItem>
      <IndicatorItem id="eaf0b2f9-6259-40cd-ab70-bca6546ee446" condition="contains">
        <Context document="DnsEntryItem" search="DnsEntryItem/Host" type="mir"/>
        <Content type="string">pic.glkjcorp.com</Content>
      </IndicatorItem>
      <IndicatorItem id="87812f9e-3040-49e0-93e4-3daf206119fb" condition="contains">
        <Context document="DnsEntryItem" search="DnsEntryItem/Host" type="mir"/>
        <Content type="string">up.adobekr.com</Content>
      </IndicatorItem>
      <IndicatorItem id="46cc8f9a-4226-4e9c-8183-9b354b48ca24" condition="contains">
        <Context document="DnsEntryItem" search="DnsEntryItem/Host" type="mir"/>
        <Content type="string">login.live.wih365.com</Content>
      </IndicatorItem>
      <IndicatorItem id="6139f4df-997a-4d06-9d7e-7dd3a0785729" condition="contains">
        <Context document="DnsEntryItem" search="DnsEntryItem/Host" type="mir"/>
        <Content type="string">ssl.projectscorp.net</Content>
      </IndicatorItem>
      <IndicatorItem id="2e29ea71-5317-488b-bb62-356ffe8960a2" condition="contains">
        <Context document="DnsEntryItem" search="DnsEntryItem/Host" type="mir"/>
        <Content type="string">update.adobekr.com</Content>
      </IndicatorItem>
      <IndicatorItem id="f157228d-392f-4a70-9d09-1880fd597896" condition="contains">
        <Context document="DnsEntryItem" search="DnsEntryItem/Host" type="mir"/>
        <Content type="string">smtp.adobekr.com</Content>
      </IndicatorItem>
      <IndicatorItem id="16ed9b2a-255f-493e-8f06-4e7fa493574c" condition="contains">
        <Context document="DnsEntryItem" search="DnsEntryItem/Host" type="mir"/>
        <Content type="string">nttvps.gnway.net</Content>
      </IndicatorItem>
      <IndicatorItem id="92d97d78-a530-4192-acfd-a232195687ad" condition="contains">
        <Context document="DnsEntryItem" search="DnsEntryItem/Host" type="mir"/>
        <Content type="string">login.adobekr.com</Content>
      </IndicatorItem>
      <IndicatorItem id="b07f664a-e445-4a5d-8e83-095fad573785" condition="contains">
        <Context document="DnsEntryItem" search="DnsEntryItem/Host" type="mir"/>
        <Content type="string">microbing.oicp.net</Content>
      </IndicatorItem>
      <IndicatorItem id="c95b6345-8671-46b8-a72e-37b678b636ff" condition="contains">
        <Context document="DnsEntryItem" search="DnsEntryItem/Host" type="mir"/>
        <Content type="string">cxks.amazonwikis.com</Content>
      </IndicatorItem>
      <IndicatorItem id="fe78042a-d15c-412d-876f-050565cb0b23" condition="contains">
        <Context document="DnsEntryItem" search="DnsEntryItem/Host" type="mir"/>
        <Content type="string">showjiao.imzone.in</Content>
      </IndicatorItem>
      <IndicatorItem id="a2289ce6-a767-4fe7-bfa5-1fe4b0a00b42" condition="contains">
        <Context document="DnsEntryItem" search="DnsEntryItem/Host" type="mir"/>
        <Content type="string">www.adobeus.com</Content>
      </IndicatorItem>
      <IndicatorItem id="b735d987-eecb-4879-9a46-28b70b2b3fc2" condition="contains">
        <Context document="DnsEntryItem" search="DnsEntryItem/Host" type="mir"/>
        <Content type="string">health.dns1.us</Content>
      </IndicatorItem>
      <IndicatorItem id="5e0e892d-3f8b-4f14-a22e-4c78fcced940" condition="contains">
        <Context document="DnsEntryItem" search="DnsEntryItem/Host" type="mir"/>
        <Content type="string">js.adobekr.com</Content>
      </IndicatorItem>
      <IndicatorItem id="a417a701-3d04-4184-93a5-a07875907a59" condition="contains">
        <Context document="DnsEntryItem" search="DnsEntryItem/Host" type="mir"/>
        <Content type="string">tdfg.moviestops.com</Content>
      </IndicatorItem>
      <IndicatorItem id="a0c05fb2-a8c2-404e-8004-9c0c46102c5e" condition="contains">
        <Context document="DnsEntryItem" search="DnsEntryItem/Host" type="mir"/>
        <Content type="string">yhkj.sfcorporation.com</Content>
      </IndicatorItem>
      <IndicatorItem id="a93106e5-c0ea-4a94-90c6-c134cb77d627" condition="contains">
        <Context document="DnsEntryItem" search="DnsEntryItem/Host" type="mir"/>
        <Content type="string">microupdate.8800.org</Content>
      </IndicatorItem>
      <IndicatorItem id="6c0677b3-863f-4594-aefe-6293baa8904e" condition="contains">
        <Context document="DnsEntryItem" search="DnsEntryItem/Host" type="mir"/>
        <Content type="string">blog.adobeus.com</Content>
      </IndicatorItem>
      <IndicatorItem id="af982c7b-8a73-4862-8677-89a3e4ed6653" condition="contains">
        <Context document="DnsEntryItem" search="DnsEntryItem/Host" type="mir"/>
        <Content type="string">zpgx.tomshardpc.com</Content>
      </IndicatorItem>
      <IndicatorItem id="9eab7725-3aa3-488d-8235-f860ce7efb4b" condition="contains">
        <Context document="DnsEntryItem" search="DnsEntryItem/Host" type="mir"/>
        <Content type="string">pic.elecarrow.com</Content>
      </IndicatorItem>
      <IndicatorItem id="69e2ddfa-eb1e-4192-af3d-50951428e254" condition="contains">
        <Context document="DnsEntryItem" search="DnsEntryItem/Host" type="mir"/>
        <Content type="string">qsgs.sfcorporation.com</Content>
      </IndicatorItem>
      <IndicatorItem id="88921874-7c01-45fa-8a53-b2eb4381a5a0" condition="contains">
        <Context document="DnsEntryItem" search="DnsEntryItem/Host" type="mir"/>
        <Content type="string">js.95nb.co.cc</Content>
      </IndicatorItem>
      <IndicatorItem id="94ef5459-65f3-4e81-9ffd-4f9d1b9bdbf7" condition="contains">
        <Context document="DnsEntryItem" search="DnsEntryItem/Host" type="mir"/>
        <Content type="string">jnhs.tomshardpc.com</Content>
      </IndicatorItem>
      <IndicatorItem id="d8292df8-6ac8-4414-a445-9ec212d7c783" condition="contains">
        <Context document="DnsEntryItem" search="DnsEntryItem/Host" type="mir"/>
        <Content type="string">323332.3322.org</Content>
      </IndicatorItem>
      <IndicatorItem id="168db403-a5fc-44c3-a16c-0a032bf055b6" condition="contains">
        <Context document="DnsEntryItem" search="DnsEntryItem/Host" type="mir"/>
        <Content type="string">jggs.sfcorporation.com</Content>
      </IndicatorItem>
      <IndicatorItem id="04b16f70-2b3e-477d-a509-6137febaa512" condition="contains">
        <Context document="DnsEntryItem" search="DnsEntryItem/Host" type="mir"/>
        <Content type="string">aqyj.tomshardpc.com</Content>
      </IndicatorItem>
      <IndicatorItem id="2b54b589-fb80-4ba2-9dbc-8770de939793" condition="contains">
        <Context document="DnsEntryItem" search="DnsEntryItem/Host" type="mir"/>
        <Content type="string">microwmies.oicp.net</Content>
      </IndicatorItem>
      <IndicatorItem id="ffde936c-a208-44d1-8d85-c384e4ff93d4" condition="contains">
        <Context document="DnsEntryItem" search="DnsEntryItem/Host" type="mir"/>
        <Content type="string">rbny.sfcorporation.com</Content>
      </IndicatorItem>
      <IndicatorItem id="f16729de-0a9e-4089-ad31-ce28b2ad33b5" condition="contains">
        <Context document="DnsEntryItem" search="DnsEntryItem/Host" type="mir"/>
        <Content type="string">msevpn.3322.org</Content>
      </IndicatorItem>
      <IndicatorItem id="e7e7e8cb-9083-404a-947b-224eab5ad86d" condition="contains">
        <Context document="DnsEntryItem" search="DnsEntryItem/Host" type="mir"/>
        <Content type="string">rmax.amazonwikis.com</Content>
      </IndicatorItem>
      <IndicatorItem id="a42a36d7-4110-4f4a-b18b-40af3687a581" condition="contains">
        <Context document="DnsEntryItem" search="DnsEntryItem/Host" type="mir"/>
        <Content type="string">login.live.adobekr.com</Content>
      </IndicatorItem>
      <IndicatorItem id="886b0953-b60f-4a8a-a187-fb72d1a2cacb" condition="contains">
        <Context document="DnsEntryItem" search="DnsEntryItem/Host" type="mir"/>
        <Content type="string">wsxg.moviestops.com</Content>
      </IndicatorItem>
      <IndicatorItem id="c5c0e9e0-2507-4712-990a-cda99ff37e38" condition="contains">
        <Context document="DnsEntryItem" search="DnsEntryItem/Host" type="mir"/>
        <Content type="string">pics.adobeus.com</Content>
      </IndicatorItem>
      <IndicatorItem id="5f50f0ce-706e-45f5-ba09-80d84f9fbc1e" condition="contains">
        <Context document="DnsEntryItem" search="DnsEntryItem/Host" type="mir"/>
        <Content type="string">dgfk.sfcorporation.com</Content>
      </IndicatorItem>
      <IndicatorItem id="65c6ce56-7b38-4943-a689-7cbc8231cb1c" condition="contains">
        <Context document="DnsEntryItem" search="DnsEntryItem/Host" type="mir"/>
        <Content type="string">sdj2b.3322.org</Content>
      </IndicatorItem>
      <IndicatorItem id="138cf5ea-7c9d-44b6-831f-8172ce5f45a0" condition="contains">
        <Context document="DnsEntryItem" search="DnsEntryItem/Host" type="mir"/>
        <Content type="string">books.sfcorporation.com</Content>
      </IndicatorItem>
      <IndicatorItem id="027adabc-62f9-4344-82d5-34690386add2" condition="contains">
        <Context document="DnsEntryItem" search="DnsEntryItem/Host" type="mir"/>
        <Content type="string">bybf.amazonwikis.com</Content>
      </IndicatorItem>
      <IndicatorItem id="d122329a-77f0-4d62-ba83-6a7e2e5e1967" condition="contains">
        <Context document="DnsEntryItem" search="DnsEntryItem/Host" type="mir"/>
        <Content type="string">krgt.tomshardpc.com</Content>
      </IndicatorItem>
      <IndicatorItem id="d080123d-b979-436f-921c-8178ac11516d" condition="contains">
        <Context document="DnsEntryItem" search="DnsEntryItem/Host" type="mir"/>
        <Content type="string">10kjd.amazonwikis.com</Content>
      </IndicatorItem>
      <IndicatorItem id="04829323-8b60-45dd-92f6-d2b48f9129e4" condition="contains">
        <Context document="DnsEntryItem" search="DnsEntryItem/Host" type="mir"/>
        <Content type="string">yjbf.amazonwikis.com</Content>
      </IndicatorItem>
      <IndicatorItem id="e6683534-5d51-42f8-8440-ce6df9968635" condition="contains">
        <Context document="DnsEntryItem" search="DnsEntryItem/Host" type="mir"/>
        <Content type="string">sport.sfcorporation.com</Content>
      </IndicatorItem>
      <IndicatorItem id="14790c89-c24b-4888-9aa6-0d46da0b1a4f" condition="contains">
        <Context document="DnsEntryItem" search="DnsEntryItem/Host" type="mir"/>
        <Content type="string">hsjs.wordoscorp.com</Content>
      </IndicatorItem>
      <IndicatorItem id="8aabb78b-33d9-4cd2-8745-e432b0d1d768" condition="contains">
        <Context document="DnsEntryItem" search="DnsEntryItem/Host" type="mir"/>
        <Content type="string">movie.sfcorporation.com</Content>
      </IndicatorItem>
      <IndicatorItem id="f21bfac5-52a8-4865-a13f-99db1b01a08b" condition="contains">
        <Context document="DnsEntryItem" search="DnsEntryItem/Host" type="mir"/>
        <Content type="string">xrgt.tomshardpc.com</Content>
      </IndicatorItem>
      <IndicatorItem id="7beca655-2b9e-441e-bb27-3073e2a7c501" condition="contains">
        <Context document="DnsEntryItem" search="DnsEntryItem/Host" type="mir"/>
        <Content type="string">cbgs.sfcorporation.com</Content>
      </IndicatorItem>
      <IndicatorItem id="8559810c-a505-4553-884b-5d8001f28b8f" condition="contains">
        <Context document="DnsEntryItem" search="DnsEntryItem/Host" type="mir"/>
        <Content type="string">mail.adobekr.com</Content>
      </IndicatorItem>
      <IndicatorItem id="dc968079-e432-45d0-9376-1dfa959b0b25" condition="contains">
        <Context document="DnsEntryItem" search="DnsEntryItem/Host" type="mir"/>
        <Content type="string">tzz.exemail.net</Content>
      </IndicatorItem>
      <IndicatorItem id="dbb164c8-cc52-42dc-a831-83446c1c883c" condition="contains">
        <Context document="DnsEntryItem" search="DnsEntryItem/Host" type="mir"/>
        <Content type="string">hsy.moviestops.com</Content>
      </IndicatorItem>
      <IndicatorItem id="847b1297-3e6d-4fc2-a9b1-7a76e00a2191" condition="contains">
        <Context document="DnsEntryItem" search="DnsEntryItem/Host" type="mir"/>
        <Content type="string">wxpb.sfcorporation.com</Content>
      </IndicatorItem>
      <IndicatorItem id="42586076-d92a-4e9d-8e27-c3bff8f81c71" condition="contains">
        <Context document="DnsEntryItem" search="DnsEntryItem/Host" type="mir"/>
        <Content type="string">yjxy.sfcorporation.com</Content>
      </IndicatorItem>
      <IndicatorItem id="cded5282-cfa6-40af-b3ba-57db68f5ed4b" condition="contains">
        <Context document="DnsEntryItem" search="DnsEntryItem/Host" type="mir"/>
        <Content type="string">wbjs.sfcorporation.com</Content>
      </IndicatorItem>
      <IndicatorItem id="70cce65d-59ca-4c15-a184-631932860448" condition="contains">
        <Context document="DnsEntryItem" search="DnsEntryItem/Host" type="mir"/>
        <Content type="string">iccbhhjdgb.adobeus.com</Content>
      </IndicatorItem>
      <IndicatorItem id="3ce787a0-5b28-48b8-9b4f-d2c417cdf209" condition="contains">
        <Context document="DnsEntryItem" search="DnsEntryItem/Host" type="mir"/>
        <Content type="string">kj.uuvod.net</Content>
      </IndicatorItem>
      <IndicatorItem id="7f76abee-0285-4593-9dc9-a947a54c02f6" condition="contains">
        <Context document="DnsEntryItem" search="DnsEntryItem/Host" type="mir"/>
        <Content type="string">ssl.gmnspace.com</Content>
      </IndicatorItem>
      <IndicatorItem id="52a0742e-0262-4cfc-9ed0-5a9248cbc461" condition="contains">
        <Context document="DnsEntryItem" search="DnsEntryItem/Host" type="mir"/>
        <Content type="string">www.wih365.com</Content>
      </IndicatorItem>
      <IndicatorItem id="547679a8-0ac7-42bc-beed-0674f0e42375" condition="contains">
        <Context document="DnsEntryItem" search="DnsEntryItem/Host" type="mir"/>
        <Content type="string">uworks.sfcorporation.com</Content>
      </IndicatorItem>
      <IndicatorItem id="24b5d2c9-113b-4144-9c43-34ce23f8a477" condition="contains">
        <Context document="DnsEntryItem" search="DnsEntryItem/Host" type="mir"/>
        <Content type="string">hjxt.sfcorporation.com</Content>
      </IndicatorItem>
      <IndicatorItem id="166c43b9-000b-447c-a703-795b90a3d968" condition="contains">
        <Context document="DnsEntryItem" search="DnsEntryItem/Host" type="mir"/>
        <Content type="string">image.hkabinc.com</Content>
      </IndicatorItem>
      <IndicatorItem id="9623b17a-8938-436f-b17f-32f81aae5d4c" condition="contains">
        <Context document="DnsEntryItem" search="DnsEntryItem/Host" type="mir"/>
        <Content type="string">fngs.adobeus.com</Content>
      </IndicatorItem>
      <IndicatorItem id="13980672-a2aa-4de2-a9d9-332e06702f16" condition="contains">
        <Context document="DnsEntryItem" search="DnsEntryItem/Host" type="mir"/>
        <Content type="string">vpntemp.3322.org</Content>
      </IndicatorItem>
      <IndicatorItem id="64be20f9-6fc9-4bc8-982c-e5bb8a6b41d7" condition="contains">
        <Context document="DnsEntryItem" search="DnsEntryItem/Host" type="mir"/>
        <Content type="string">lhbf.adobeus.com</Content>
      </IndicatorItem>
      <IndicatorItem id="afa9146d-9f42-43c4-ab8a-5564e77d2e82" condition="contains">
        <Context document="DnsEntryItem" search="DnsEntryItem/Host" type="mir"/>
        <Content type="string">pic.hkabinc.com</Content>
      </IndicatorItem>
      <IndicatorItem id="6e755c7a-79ba-4ccc-8c00-9b80b2d6a9ce" condition="contains">
        <Context document="DnsEntryItem" search="DnsEntryItem/Host" type="mir"/>
        <Content type="string">fsw.adobeus.com</Content>
      </IndicatorItem>
      <IndicatorItem id="e566b5a5-3f24-47fe-ae87-5156c06c3437" condition="contains">
        <Context document="DnsEntryItem" search="DnsEntryItem/Host" type="mir"/>
        <Content type="string">auto.glkjcorp.com</Content>
      </IndicatorItem>
      <IndicatorItem id="74ab322e-3f1b-410a-abf8-2153e16aa7cd" condition="contains">
        <Context document="DnsEntryItem" search="DnsEntryItem/Host" type="mir"/>
        <Content type="string">ssl.sfcorporation.com</Content>
      </IndicatorItem>
      <IndicatorItem id="fb07777e-fe76-4916-9ed0-575324a7db2c" condition="contains">
        <Context document="DnsEntryItem" search="DnsEntryItem/Host" type="mir"/>
        <Content type="string">dghk.sfcorporation.com</Content>
      </IndicatorItem>
      <IndicatorItem id="d8be1b2a-faea-4498-bced-a4017dc6fb1a" condition="contains">
        <Context document="DnsEntryItem" search="DnsEntryItem/Host" type="mir"/>
        <Content type="string">yahoomail.adobeus.com</Content>
      </IndicatorItem>
      <IndicatorItem id="0c606566-f2b3-4660-94eb-a5bbd290970c" condition="contains">
        <Context document="DnsEntryItem" search="DnsEntryItem/Host" type="mir"/>
        <Content type="string">modeless.3322.org</Content>
      </IndicatorItem>
      <IndicatorItem id="b85c76f8-4c6e-457b-bfae-2358ade70132" condition="contains">
        <Context document="DnsEntryItem" search="DnsEntryItem/Host" type="mir"/>
        <Content type="string">ruag.amazonwikis.com</Content>
      </IndicatorItem>
      <IndicatorItem id="acf57dba-3c4a-4852-aa4b-fa153097c0ae" condition="contains">
        <Context document="DnsEntryItem" search="DnsEntryItem/Host" type="mir"/>
        <Content type="string">bdgs.amazonwikis.com</Content>
      </IndicatorItem>
      <IndicatorItem id="a0e10820-3a9a-4bd4-8b63-dcaef17836ed" condition="contains">
        <Context document="DnsEntryItem" search="DnsEntryItem/Host" type="mir"/>
        <Content type="string">mocrosoftds.xicp.net</Content>
      </IndicatorItem>
      <IndicatorItem id="fd6c6518-e1da-41e7-9c6e-e9f6ee1d3b91" condition="contains">
        <Context document="DnsEntryItem" search="DnsEntryItem/Host" type="mir"/>
        <Content type="string">rjby.tomshardpc.com</Content>
      </IndicatorItem>
      <IndicatorItem id="b2a8a770-1236-4c69-b963-8a15545d88a1" condition="contains">
        <Context document="DnsEntryItem" search="DnsEntryItem/Host" type="mir"/>
        <Content type="string">blog.wih365.com</Content>
      </IndicatorItem>
      <IndicatorItem id="979e6231-6294-46bd-8817-74099c463131" condition="contains">
        <Context document="DnsEntryItem" search="DnsEntryItem/Host" type="mir"/>
        <Content type="string">xjgs.sfcorporation.com</Content>
      </IndicatorItem>
      <IndicatorItem id="2564a6da-15a1-4d19-92a0-e167b915c0f2" condition="contains">
        <Context document="DnsEntryItem" search="DnsEntryItem/Host" type="mir"/>
        <Content type="string">mail.projectscorp.net</Content>
      </IndicatorItem>
      <IndicatorItem id="7527446a-13d3-4534-9be5-000495ba3a30" condition="contains">
        <Context document="DnsEntryItem" search="DnsEntryItem/Host" type="mir"/>
        <Content type="string">en.amazonwikis.com</Content>
      </IndicatorItem>
      <IndicatorItem id="aa188a55-8752-4a7c-a2a1-058764d976e4" condition="contains">
        <Context document="DnsEntryItem" search="DnsEntryItem/Host" type="mir"/>
        <Content type="string">mail.glkjcorp.com</Content>
      </IndicatorItem>
      <IndicatorItem id="c89f9d54-2ab4-4ac8-a5ac-dc8837e999af" condition="contains">
        <Context document="DnsEntryItem" search="DnsEntryItem/Host" type="mir"/>
        <Content type="string">rbjg.moviestops.com</Content>
      </IndicatorItem>
      <IndicatorItem id="29a488c3-b425-49d2-a0cf-c356fa24e8c9" condition="contains">
        <Context document="DnsEntryItem" search="DnsEntryItem/Host" type="mir"/>
        <Content type="string">news.sfcorporation.com</Content>
      </IndicatorItem>
      <IndicatorItem id="68d70927-16b3-4f2e-8489-c689a87aa37b" condition="contains">
        <Context document="DnsEntryItem" search="DnsEntryItem/Host" type="mir"/>
        <Content type="string">jrgs.sfcorporation.com</Content>
      </IndicatorItem>
      <IndicatorItem id="b5acb5b2-6f70-4a0e-98a3-b157e55ef1c6" condition="contains">
        <Context document="DnsEntryItem" search="DnsEntryItem/Host" type="mir"/>
        <Content type="string">smgs.amazonwikis.com</Content>
      </IndicatorItem>
      <IndicatorItem id="184a1a29-eb21-4e78-9bea-6933eae44aec" condition="contains">
        <Context document="DnsEntryItem" search="DnsEntryItem/Host" type="mir"/>
        <Content type="string">sgad.sfcorporation.com</Content>
      </IndicatorItem>
      <IndicatorItem id="af73a238-ed25-4194-98f5-6ff8ea742e16" condition="contains">
        <Context document="DnsEntryItem" search="DnsEntryItem/Host" type="mir"/>
        <Content type="string">flash.adobeus.com</Content>
      </IndicatorItem>
      <IndicatorItem id="9c84ab11-5506-48dd-b6b6-4a7911fd7785" condition="contains">
        <Context document="DnsEntryItem" search="DnsEntryItem/Host" type="mir"/>
        <Content type="string">xrgt.wordoscorp.com</Content>
      </IndicatorItem>
      <IndicatorItem id="7d50529c-8a25-40f5-9f5b-ae979b137d10" condition="contains">
        <Context document="DnsEntryItem" search="DnsEntryItem/Host" type="mir"/>
        <Content type="string">ghlc.adobeus.com</Content>
      </IndicatorItem>
      <IndicatorItem id="301482d1-e838-4c84-978b-4f2fec374165" condition="contains">
        <Context document="DnsEntryItem" search="DnsEntryItem/Host" type="mir"/>
        <Content type="string">cdic.sfcorporation.com</Content>
      </IndicatorItem>
      <IndicatorItem id="a4330998-baf0-4d45-b444-13ea0ea66d0a" condition="contains">
        <Context document="DnsEntryItem" search="DnsEntryItem/Host" type="mir"/>
        <Content type="string">ekzy.gmnspace.com</Content>
      </IndicatorItem>
      <IndicatorItem id="7b4b33da-e861-40b7-9a51-7c20b755de4f" condition="contains">
        <Context document="DnsEntryItem" search="DnsEntryItem/Host" type="mir"/>
        <Content type="string">js.exemail.net</Content>
      </IndicatorItem>
      <IndicatorItem id="e155bfe1-cccf-4f74-b61c-f62c1416920f" condition="contains">
        <Context document="DnsEntryItem" search="DnsEntryItem/Host" type="mir"/>
        <Content type="string">ssl.exemail.net</Content>
      </IndicatorItem>
      <IndicatorItem id="01bef621-9232-4873-99b0-25da266e26cd" condition="contains">
        <Context document="DnsEntryItem" search="DnsEntryItem/Host" type="mir"/>
        <Content type="string">ssl.elecarrow.com</Content>
      </IndicatorItem>
      <IndicatorItem id="91bb8964-5b39-4167-a443-d92acb49cbf4" condition="contains">
        <Context document="DnsEntryItem" search="DnsEntryItem/Host" type="mir"/>
        <Content type="string">www.projectscorp.net</Content>
      </IndicatorItem>
      <IndicatorItem id="db11f75d-a8d5-4e71-a9ac-a5a98763d75f" condition="contains">
        <Context document="DnsEntryItem" search="DnsEntryItem/Host" type="mir"/>
        <Content type="string">jrfw.amazonwikis.com</Content>
      </IndicatorItem>
      <IndicatorItem id="f6248561-427c-4c00-9e72-c7d81fcbb62e" condition="contains">
        <Context document="DnsEntryItem" search="DnsEntryItem/Host" type="mir"/>
        <Content type="string">zdzl.sfcorporation.com</Content>
      </IndicatorItem>
      <IndicatorItem id="98c057a0-6b4d-410c-9b5a-1f978552446a" condition="contains">
        <Context document="DnsEntryItem" search="DnsEntryItem/Host" type="mir"/>
        <Content type="string">tcgs.adobeus.com</Content>
      </IndicatorItem>
      <IndicatorItem id="34bf2a80-3f12-4ae7-8c9b-48043269eb4b" condition="contains">
        <Context document="DnsEntryItem" search="DnsEntryItem/Host" type="mir"/>
        <Content type="string">tzcl.sfcorporation.com</Content>
      </IndicatorItem>
      <IndicatorItem id="6b4f80fa-5e68-4f13-9ccf-f4e0b2ee4e00" condition="contains">
        <Context document="DnsEntryItem" search="DnsEntryItem/Host" type="mir"/>
        <Content type="string">video.sfcorporation.com</Content>
      </IndicatorItem>
      <IndicatorItem id="ed6a641b-4bd4-40b4-a6a9-75ec874d59fd" condition="contains">
        <Context document="DnsEntryItem" search="DnsEntryItem/Host" type="mir"/>
        <Content type="string">pics.amazonwikis.com</Content>
      </IndicatorItem>
      <IndicatorItem id="445a084b-431a-47c5-83b2-1a43f09acab2" condition="contains">
        <Context document="DnsEntryItem" search="DnsEntryItem/Host" type="mir"/>
        <Content type="string">msejake.7766.org</Content>
      </IndicatorItem>
      <IndicatorItem id="623d97e7-ca0a-41b4-a3fe-a5f5eb449a5e" condition="contains">
        <Context document="DnsEntryItem" search="DnsEntryItem/Host" type="mir"/>
        <Content type="string">mobile.yqby.wordoscorp.com</Content>
      </IndicatorItem>
      <IndicatorItem id="38d97d8b-7283-46b5-9399-89d86647814a" condition="contains">
        <Context document="DnsEntryItem" search="DnsEntryItem/Host" type="mir"/>
        <Content type="string">image.amazonwikis.com</Content>
      </IndicatorItem>
    </Indicator>
  </definition>
</ioc>
