<?xml version='1.0' encoding='UTF-8'?>
<ioc xmlns:xsi="http://www.w3.org/2001/XMLSchema-instance" xmlns:xsd="http://www.w3.org/2001/XMLSchema" xmlns="http://schemas.mandiant.com/2010/ioc" id="38768416-6a93-442f-b7be-51144ed4eac2" last-modified="2016-07-10T09:28:22">
  <short_description>Targeted ransomware campaign</short_description>
  <description>Targeted ransomware campaign</description>
  <keywords/>
  <authored_by>AlienVault - Alienvault OTX</authored_by>
  <authored_date>2016-07-10T09:28:22</authored_date>
  <links>
    <link rel="http://www.intelsecurity.com/advanced-threat-research/content/Analysis_SamSa_Ransomware.pdf">http://www.intelsecurity.com/advanced-threat-research/content/Analysis_SamSa_Ransomware.pdf</link>
    <link rel="https://otx.alienvault.com/pulse/56d5aa08aef921042823c1f4">https://otx.alienvault.com/pulse/56d5aa08aef921042823c1f4</link>
  </links>
  <definition>
    <Indicator id="b4a88960-71dc-4541-9294-04ae88d3164b" operator="OR">
      <IndicatorItem id="7338b7aa-8eee-46bd-944c-fb6ff09de5ee" condition="contains">
        <Context document="FileItem" search="FileItem/Md5sum" type="mir"/>
        <Content type="md5">fe998080463665412b65850828bce41f</Content>
      </IndicatorItem>
      <IndicatorItem id="f0a96598-39bc-4d48-a815-0e792231cac1" condition="contains">
        <Context document="FileItem" search="FileItem/Md5sum" type="mir"/>
        <Content type="md5">87fac016a357487f626ecdca751cb6a5</Content>
      </IndicatorItem>
      <IndicatorItem id="d38c20e2-7f85-462c-abf1-7dfd38341fd1" condition="contains">
        <Context document="FileItem" search="FileItem/Md5sum" type="mir"/>
        <Content type="md5">4851e63304b03dc8e941840186c11679</Content>
      </IndicatorItem>
      <IndicatorItem id="f3bb79b2-bc90-4e25-ac6a-1ae9b0cb40ca" condition="contains">
        <Context document="FileItem" search="FileItem/Md5sum" type="mir"/>
        <Content type="md5">4c8fb28a68168430fd447ba1b92f4f42</Content>
      </IndicatorItem>
      <IndicatorItem id="5d2e9e90-a95e-4a2d-bb38-ca54baebf172" condition="contains">
        <Context document="FileItem" search="FileItem/Md5sum" type="mir"/>
        <Content type="md5">14721036e16587594ad950d4f2db5f27</Content>
      </IndicatorItem>
      <IndicatorItem id="40d822ad-1c00-4dcc-b4c9-043e5cdb1a6e" condition="contains">
        <Context document="FileItem" search="FileItem/Md5sum" type="mir"/>
        <Content type="md5">1e22c58a8b677fac51cf6c1d2cd1a0e2</Content>
      </IndicatorItem>
      <IndicatorItem id="4e57e45d-bbac-41e4-8e41-807dc55718b6" condition="contains">
        <Context document="FileItem" search="FileItem/Md5sum" type="mir"/>
        <Content type="md5">9585f0c7dc287d07755e6818e1fa204c</Content>
      </IndicatorItem>
      <IndicatorItem id="7e0566bf-2e4b-4369-a184-ca5e15228346" condition="contains">
        <Context document="FileItem" search="FileItem/Md5sum" type="mir"/>
        <Content type="md5">3e2642aa59753ecbe82514daf2ea4e88</Content>
      </IndicatorItem>
      <IndicatorItem id="bfa01f4b-626b-4a9c-bd7a-d62a4a3ca3f4" condition="contains">
        <Context document="FileItem" search="FileItem/Md5sum" type="mir"/>
        <Content type="md5">a14ea969014b1145382ffcd508d10156</Content>
      </IndicatorItem>
      <IndicatorItem id="447829c6-823e-4943-b4a0-84c7fc5ab2a9" condition="contains">
        <Context document="FileItem" search="FileItem/Md5sum" type="mir"/>
        <Content type="md5">43049c582db85b94feed9afa7419d78c</Content>
      </IndicatorItem>
      <IndicatorItem id="bec6dacb-d81e-4870-976d-8740aa491b77" condition="contains">
        <Context document="FileItem" search="FileItem/Md5sum" type="mir"/>
        <Content type="md5">02dce579d95a57f9e5ca0cde800dfb0f</Content>
      </IndicatorItem>
      <IndicatorItem id="99eec28d-9319-4d14-b6cb-6a391488f413" condition="contains">
        <Context document="FileItem" search="FileItem/Md5sum" type="mir"/>
        <Content type="md5">868c351e29be8c6c1edde315505d938b</Content>
      </IndicatorItem>
      <IndicatorItem id="f304e70a-91e6-409c-8d6f-9141ae294d61" condition="contains">
        <Context document="FileItem" search="FileItem/Md5sum" type="mir"/>
        <Content type="md5">0d2505ce7838bb22fcd973bf3895fd27</Content>
      </IndicatorItem>
      <IndicatorItem id="e9dd4b5f-b8fa-4cea-948a-d7c6148b888d" condition="contains">
        <Context document="FileItem" search="FileItem/Md5sum" type="mir"/>
        <Content type="md5">e26c6a20139f7a45e94ce0b16e62bd03</Content>
      </IndicatorItem>
      <IndicatorItem id="97b7fabb-0ea4-4894-b69c-ee802610012f" condition="contains">
        <Context document="DnsEntryItem" search="DnsEntryItem/Host" type="mir"/>
        <Content type="string">union83939k.wordpress.com</Content>
      </IndicatorItem>
    </Indicator>
  </definition>
</ioc>
