<?xml version='1.0' encoding='UTF-8'?>
<ioc xmlns:xsi="http://www.w3.org/2001/XMLSchema-instance" xmlns:xsd="http://www.w3.org/2001/XMLSchema" xmlns="http://schemas.mandiant.com/2010/ioc" id="4cd80bf9-c2fb-4f90-a07f-47bc11e2793a" last-modified="2016-07-10T09:27:28">
  <short_description>Operation C-Major actors used Mobile Spyware Against Targets</short_description>
  <description>Operation C-Major actors used Mobile Spyware Against Targets</description>
  <keywords/>
  <authored_by>AlienVault - Alienvault OTX</authored_by>
  <authored_date>2016-07-10T09:27:28</authored_date>
  <links>
    <link rel="http://blog.trendmicro.com/trendlabs-security-intelligence/operation-c-major-actors-also-used-android-blackberry-mobile-spyware-targets/">http://blog.trendmicro.com/trendlabs-security-intelligence/operation-c-major-actors-also-used-android-blackberry-mobile-spyware-targets/</link>
    <link rel="https://otx.alienvault.com/pulse/5714ed088ae898015bfbccbb">https://otx.alienvault.com/pulse/5714ed088ae898015bfbccbb</link>
  </links>
  <definition>
    <Indicator id="7c766ba6-52a3-4d66-af3f-65dd7bebaa5b" operator="OR">
      <IndicatorItem id="7e67a3fd-64c6-41f9-bc0f-9c73924dd7a4" condition="contains">
        <Context document="FileItem" search="FileItem/Sha1sum" type="mir"/>
        <Content type="sha1">1ce6b3f02fe2e4ee201bdab2c1e4f6bb5a8da1b1</Content>
      </IndicatorItem>
      <IndicatorItem id="1501bb90-bfe1-415f-826e-84f59f4c4b69" condition="contains">
        <Context document="FileItem" search="FileItem/Sha1sum" type="mir"/>
        <Content type="sha1">c544e5d8c6f38bb199283f11f799da8f3bb3807f</Content>
      </IndicatorItem>
      <IndicatorItem id="72142ca5-edbc-4b47-a760-2d5017c3092f" condition="contains">
        <Context document="FileItem" search="FileItem/Sha1sum" type="mir"/>
        <Content type="sha1">552e3a16dd36ae4a3d4480182124a3f6701911f2</Content>
      </IndicatorItem>
      <IndicatorItem id="1331d0a8-e076-4829-875b-a7042e3e6404" condition="contains">
        <Context document="FileItem" search="FileItem/Sha1sum" type="mir"/>
        <Content type="sha1">c48a5d639430e08980f1aeb5af49310692f2701b</Content>
      </IndicatorItem>
      <IndicatorItem id="0a955750-c07c-40be-8f76-69732806bf60" condition="contains">
        <Context document="FileItem" search="FileItem/Sha1sum" type="mir"/>
        <Content type="sha1">b142e4b75a4562cdaad5cc2610d31594d2ed17c3</Content>
      </IndicatorItem>
      <IndicatorItem id="1c032b56-4b6d-42f9-8e9e-df0a0667a767" condition="contains">
        <Context document="FileItem" search="FileItem/Sha1sum" type="mir"/>
        <Content type="sha1">decf429be7d469292827c3b873f7e61076ffbba1</Content>
      </IndicatorItem>
      <IndicatorItem id="e04f71cd-ed1a-4791-a976-a991a7d70b9d" condition="contains">
        <Context document="FileItem" search="FileItem/Sha1sum" type="mir"/>
        <Content type="sha1">a13568164c0a8f50d76d9ffa6e34e31674a3afc8</Content>
      </IndicatorItem>
      <IndicatorItem id="48709c5f-ea87-4710-876d-59bcb4885426" condition="contains">
        <Context document="FileItem" search="FileItem/Sha1sum" type="mir"/>
        <Content type="sha1">9288811c9747d151eab4ec708b368fc6cc4e2cb5</Content>
      </IndicatorItem>
      <IndicatorItem id="5c350d64-ef9d-4107-9f82-99bda3220ed2" condition="contains">
        <Context document="FileItem" search="FileItem/Sha1sum" type="mir"/>
        <Content type="sha1">94c74a9e5d1aab18f51487e4e47e5995b7252c4b</Content>
      </IndicatorItem>
      <IndicatorItem id="6d6bd30d-a5eb-43fd-89c0-502782a5c6c8" condition="contains">
        <Context document="FileItem" search="FileItem/Sha1sum" type="mir"/>
        <Content type="sha1">24f52c5f909d79a70e6e2a4e89aa7816b5f24aec</Content>
      </IndicatorItem>
      <IndicatorItem id="2eef6bd1-a9f9-4958-8032-ff68d3677bff" condition="contains">
        <Context document="FileItem" search="FileItem/Sha1sum" type="mir"/>
        <Content type="sha1">31ac19091fd5347568b130d7150ed867ffe38c28</Content>
      </IndicatorItem>
      <IndicatorItem id="149ddf37-27aa-46b0-b185-7c3e2334b866" condition="contains">
        <Context document="FileItem" search="FileItem/Sha1sum" type="mir"/>
        <Content type="sha1">abcb176578df44c2be7173b318abe704963052b2</Content>
      </IndicatorItem>
      <IndicatorItem id="0b634b81-1911-4ad4-bb65-a94c51e9782d" condition="contains">
        <Context document="FileItem" search="FileItem/Sha1sum" type="mir"/>
        <Content type="sha1">202f11c5cf2b9df8bf8ab766a33cd0e6d7a5161a</Content>
      </IndicatorItem>
      <IndicatorItem id="e121826f-f01a-403b-8865-dd3ce04908b0" condition="contains">
        <Context document="FileItem" search="FileItem/Sha1sum" type="mir"/>
        <Content type="sha1">f86302da2d38bf60f1ea9549b2e21a34fe655b33</Content>
      </IndicatorItem>
      <IndicatorItem id="efb281b0-363b-4fed-9ba7-7fa6d743a354" condition="contains">
        <Context document="FileItem" search="FileItem/Sha1sum" type="mir"/>
        <Content type="sha1">16318c4e4f94a5c4018b05955975771637b306b4</Content>
      </IndicatorItem>
      <IndicatorItem id="055f21b7-5a21-43d3-b544-66e8d7a9452b" condition="contains">
        <Context document="FileItem" search="FileItem/Sha1sum" type="mir"/>
        <Content type="sha1">59aec5002684de8cc8c27f7512ed70c094e4bd20</Content>
      </IndicatorItem>
      <IndicatorItem id="b42d360f-da4b-4e68-b2cc-b539f486d0f7" condition="contains">
        <Context document="FileItem" search="FileItem/Sha1sum" type="mir"/>
        <Content type="sha1">6919aa3a9d5e193a1d48e05e7bf320d795923ea7</Content>
      </IndicatorItem>
    </Indicator>
  </definition>
</ioc>
