<?xml version='1.0' encoding='UTF-8'?>
<ioc xmlns:xsi="http://www.w3.org/2001/XMLSchema-instance" xmlns:xsd="http://www.w3.org/2001/XMLSchema" xmlns="http://schemas.mandiant.com/2010/ioc" id="f5177019-7645-417b-ace4-3b58068cff66" last-modified="2016-07-10T09:26:50">
  <short_description>Intrusion into the Democratic National Committee</short_description>
  <description>Intrusion into the Democratic National Committee</description>
  <keywords/>
  <authored_by>AlienVault - Alienvault OTX</authored_by>
  <authored_date>2016-07-10T09:26:50</authored_date>
  <links>
    <link rel="https://www.crowdstrike.com/blog/bears-midst-intrusion-democratic-national-committee/">https://www.crowdstrike.com/blog/bears-midst-intrusion-democratic-national-committee/</link>
    <link rel="https://www.threatconnect.com/tapping-into-democratic-national-committee/">https://www.threatconnect.com/tapping-into-democratic-national-committee/</link>
    <link rel="https://otx.alienvault.com/pulse/5760336e2957b90134ede223">https://otx.alienvault.com/pulse/5760336e2957b90134ede223</link>
  </links>
  <definition>
    <Indicator id="d16456bb-217b-4094-8377-3785b780cb84" operator="OR">
      <IndicatorItem id="5c971be4-5b1e-4997-909f-5648fa2399b5" condition="contains">
        <Context document="FileItem" search="FileItem/Sha256sum" type="mir"/>
        <Content type="sha256">6c1bce76f4d2358656132b6b1d471571820688ccdbaca0d86d0ca082b9390536</Content>
      </IndicatorItem>
      <IndicatorItem id="19f96e1b-9256-4351-8e55-24d853c0f5f6" condition="contains">
        <Context document="FileItem" search="FileItem/Sha256sum" type="mir"/>
        <Content type="sha256">b101cd29e18a515753409ae86ce68a4cedbe0d640d385eb24b9bbb69cf8186ae</Content>
      </IndicatorItem>
      <IndicatorItem id="34be8b7e-e910-45c3-9361-5846a605105a" condition="contains">
        <Context document="FileItem" search="FileItem/Sha256sum" type="mir"/>
        <Content type="sha256">4845761c9bed0563d0aa83613311191e075a9b58861e80392914d61a21bad976</Content>
      </IndicatorItem>
      <IndicatorItem id="d2afc0af-7c79-47fa-b482-3dd8bb9c8caa" condition="contains">
        <Context document="FileItem" search="FileItem/Sha256sum" type="mir"/>
        <Content type="sha256">40ae43b7d6c413becc92b07076fa128b875c8dbb4da7c036639eccf5a9fc784f</Content>
      </IndicatorItem>
      <IndicatorItem id="601dc8e3-ff6c-4a92-aaac-00fa9392d37b" condition="contains">
        <Context document="FileItem" search="FileItem/Sha256sum" type="mir"/>
        <Content type="sha256">fd39d2837b30e7233bc54598ff51bdc2f8c418fa5b94dea2cadb24cf40f395e5</Content>
      </IndicatorItem>
      <IndicatorItem id="c418094a-fbbc-49f4-a3b3-9a0fd0de4fae" condition="is">
        <Context document="PortItem" search="PortItem/remoteIP" type="mir"/>
        <Content type="IP">23.227.196.217</Content>
      </IndicatorItem>
      <IndicatorItem id="aa516ddc-e8f3-4a83-a380-bcc58a5486e3" condition="is">
        <Context document="PortItem" search="PortItem/remoteIP" type="mir"/>
        <Content type="IP">45.32.129.185</Content>
      </IndicatorItem>
      <IndicatorItem id="5d0001a9-3d15-4d86-8e72-f77e5e1311d6" condition="is">
        <Context document="PortItem" search="PortItem/remoteIP" type="mir"/>
        <Content type="IP">185.86.148.227</Content>
      </IndicatorItem>
      <IndicatorItem id="e6e3d8f8-0f9c-4545-9061-e75b040d939c" condition="is">
        <Context document="PortItem" search="PortItem/remoteIP" type="mir"/>
        <Content type="IP">218.1.98.203</Content>
      </IndicatorItem>
      <IndicatorItem id="2a5de460-72d0-464e-b494-39bf6afde79c" condition="is">
        <Context document="PortItem" search="PortItem/remoteIP" type="mir"/>
        <Content type="IP">185.100.84.134</Content>
      </IndicatorItem>
      <IndicatorItem id="cb8728e6-5401-4b6b-a0ae-63e80c605bb3" condition="is">
        <Context document="PortItem" search="PortItem/remoteIP" type="mir"/>
        <Content type="IP">187.33.33.8</Content>
      </IndicatorItem>
      <IndicatorItem id="5c344a5b-437f-46e2-9cac-85cb484d1978" condition="is">
        <Context document="PortItem" search="PortItem/remoteIP" type="mir"/>
        <Content type="IP">58.49.58.58</Content>
      </IndicatorItem>
      <IndicatorItem id="d1b88a13-6790-4f82-a9ce-b76bfc34302f" condition="contains">
        <Context document="DnsEntryItem" search="DnsEntryItem/Host" type="mir"/>
        <Content type="string">misdepatrment.com</Content>
      </IndicatorItem>
    </Indicator>
  </definition>
</ioc>
